// !$*UTF8*$!
{
	archiveVersion = 1;
	classes = {
	};
	objectVersion = 46;
	objects = {

/* Begin PBXBuildFile section */
		6B2638DD1C3CD8F20050FFFD /* AppDelegate.swift in Sources */ = {isa = PBXBuildFile; fileRef = 6B2638DC1C3CD8F20050FFFD /* AppDelegate.swift */; };
		6B2638DF1C3CD8F20050FFFD /* ViewController.swift in Sources */ = {isa = PBXBuildFile; fileRef = 6B2638DE1C3CD8F20050FFFD /* ViewController.swift */; };
		6B2638E21C3CD8F20050FFFD /* Main.storyboard in Resources */ = {isa = PBXBuildFile; fileRef = 6B2638E01C3CD8F20050FFFD /* Main.storyboard */; };
		6B2638E41C3CD8F20050FFFD /* Assets.xcassets in Resources */ = {isa = PBXBuildFile; fileRef = 6B2638E31C3CD8F20050FFFD /* Assets.xcassets */; };
		6B2638E71C3CD8F20050FFFD /* LaunchScreen.storyboard in Resources */ = {isa = PBXBuildFile; fileRef = 6B2638E51C3CD8F20050FFFD /* LaunchScreen.storyboard */; };
/* End PBXBuildFile section */

/* Begin PBXFileReference section */
		6B2638D91C3CD8F20050FFFD /* ClassPath.app */ = {isa = PBXFileReference; explicitFileType = wrapper.application; includeInIndex = 0; path = ClassPath.app; sourceTree = BUILT_PRODUCTS_DIR; };
		6B2638DC1C3CD8F20050FFFD /* AppDelegate.swift */ = {isa = PBXFileReference; lastKnownFileType = sourcecode.swift; path = AppDelegate.swift; sourceTree = "<group>"; };
		6B2638DE1C3CD8F20050FFFD /* ViewController.swift */ = {isa = PBXFileReference; lastKnownFileType = sourcecode.swift; path = ViewController.swift; sourceTree = "<group>"; };
		6B2638E11C3CD8F20050FFFD /* Base */ = {isa = PBXFileReference; lastKnownFileType = file.storyboard; name = Base; path = Base.lproj/Main.storyboard; sourceTree = "<group>"; };
		6B2638E31C3CD8F20050FFFD /* Assets.xcassets */ = {isa = PBXFileReference; lastKnownFileType = folder.assetcatalog; path = Assets.xcassets; sourceTree = "<group>"; };
		6B2638E61C3CD8F20050FFFD /* Base */ = {isa = PBXFileReference; lastKnownFileType = file.storyboard; name = Base; path = Base.lproj/LaunchScreen.storyboard; sourceTree = "<group>"; };
		6B2638E81C3CD8F20050FFFD /* Info.plist */ = {isa = PBXFileReference; lastKnownFileType = text.plist.xml; path = Info.plist; sourceTree = "<group>"; };
		6B2638EE1C3CD9440050FFFD /* KLView.playground */ = {isa = PBXFileReference; lastKnownFileType = file.playground; path = KLView.playground; sourceTree = "<group>"; };
/* End PBXFileReference section */

/* Begin PBXFrameworksBuildPhase section */
		6B2638D61C3CD8F20050FFFD /* Frameworks */ = {
			isa = PBXFrameworksBuildPhase;
			buildActionMask = 2147483647;
			files = (
			);
			runOnlyForDeploymentPostprocessing = 0;
		};
/* End PBXFrameworksBuildPhase section */

/* Begin PBXGroup section */
		6B2638D01C3CD8F20050FFFD = {
			isa = PBXGroup;
			children = (
				6B2638DB1C3CD8F20050FFFD /* ClassPath */,
				6B2638DA1C3CD8F20050FFFD /* Products */,
			);
			sourceTree = "<group>";
		};
		6B2638DA1C3CD8F20050FFFD /* Products */ = {
			isa = PBXGroup;
			children = (
				6B2638D91C3CD8F20050FFFD /* ClassPath.app */,
			);
			name = Products;
			sourceTree = "<group>";
		};
		6B2638DB1C3CD8F20050FFFD /* ClassPath */ = {
			isa = PBXGroup;
			children = (
				6B2638DC1C3CD8F20050FFFD /* AppDelegate.swift */,
				6B2638DE1C3CD8F20050FFFD /* ViewController.swift */,
				6B2638EE1C3CD9440050FFFD /* KLView.playground */,
				6B2638E01C3CD8F20050FFFD /* Main.storyboard */,
				6B2638E31C3CD8F20050FFFD /* Assets.xcassets */,
				6B2638E51C3CD8F20050FFFD /* LaunchScreen.storyboard */,
				6B2638E81C3CD8F20050FFFD /* Info.plist */,
			);
			path = ClassPath;
			sourceTree = "<group>";
		};
/* End PBXGroup section */

/* Begin PBXNativeTarget section */
		6B2638D81C3CD8F20050FFFD /* ClassPath */ = {
			isa = PBXNativeTarget;
			buildConfigurationList = 6B2638EB1C3CD8F20050FFFD /* Build configuration list for PBXNativeTarget "ClassPath" */;
			buildPhases = (
				6B2638D51C3CD8F20050FFFD /* Sources */,
				6B2638D61C3CD8F20050FFFD /* Frameworks */,
				6B2638D71C3CD8F20050FFFD /* Resources */,
			);
			buildRules = (
			);
			dependencies = (
			);
			name = ClassPath;
			productName = ClassPath;
			productReference = 6B2638D91C3CD8F20050FFFD /* ClassPath.app */;
			productType = "com.apple.product-type.application";
		};
/* End PBXNativeTarget section */

/* Begin PBXProject section */
		6B2638D11C3CD8F20050FFFD /* Project object */ = {
			isa = PBXProject;
			attributes = {
				LastSwiftUpdateCheck = 0720;
				LastUpgradeCheck = 0720;
				ORGANIZATIONNAME = kl;
				TargetAttributes = {
					6B2638D81C3CD8F20050FFFD = {
						CreatedOnToolsVersion = 7.2;
					};
				};
			};
			buildConfigurationList = 6B2638D41C3CD8F20050FFFD /* Build configuration list for PBXProject "ClassPath" */;
			compatibilityVersion = "Xcode 3.2";
			developmentRegion = English;
			hasScannedForEncodings = 0;
			knownRegions = (
				en,
				Base,
			);
			mainGroup = 6B2638D01C3CD8F20050FFFD;
			productRefGroup = 6B2638DA1C3CD8F20050FFFD /* Products */;
			projectDirPath = "";
			projectRoot = "";
			targets = (
				6B2638D81C3CD8F20050FFFD /* ClassPath */,
			);
		};
/* End PBXProject section */

/* Begin PBXResourcesBuildPhase section */
		6B2638D71C3CD8F20050FFFD /* Resources */ = {
			isa = PBXResourcesBuildPhase;
			buildActionMask = 2147483647;
			files = (
				6B2638E71C3CD8F20050FFFD /* LaunchScreen.storyboard in Resources */,
				6B2638E41C3CD8F20050FFFD /* Assets.xcassets in Resources */,
				6B2638E21C3CD8F20050FFFD /* Main.storyboard in Resources */,
			);
			runOnlyForDeploymentPostprocessing = 0;
		};
/* End PBXResourcesBuildPhase section */

/* Begin PBXSourcesBuildPhase section */
		6B2638D51C3CD8F20050FFFD /* Sources */ = {
			isa = PBXSourcesBuildPhase;
			buildActionMask = 2147483647;
			files = (
				6B2638DF1C3CD8F20050FFFD /* ViewController.swift in Sources */,
				6B2638DD1C3CD8F20050FFFD /* AppDelegate.swift in Sources */,
			);
			runOnlyForDeploymentPostprocessing = 0;
		};
/* End PBXSourcesBuildPhase section */

/* Begin PBXVariantGroup section */
		6B2638E01C3CD8F20050FFFD /* Main.storyboard */ = {
			isa = PBXVariantGroup;
			children = (
				6B2638E11C3CD8F20050FFFD /* Base */,
			);
			name = Main.storyboard;
			sourceTree = "<group>";
		};
		6B2638E51C3CD8F20050FFFD /* LaunchScreen.storyboard */ = {
			isa = PBXVariantGroup;
			children = (
				6B2638E61C3CD8F20050FFFD /* Base */,
			);
			name = LaunchScreen.storyboard;
			sourceTree = "<group>";
		};
/* End PBXVariantGroup section */

/* Begin XCBuildConfiguration section */
		6B2638E91C3CD8F20050FFFD /* Debug */ = {
			isa = XCBuildConfiguration;
			buildSettings = {
				ALWAYS_SEARCH_USER_PATHS = NO;
				CLANG_CXX_LANGUAGE_STANDARD = "gnu++0x";
				CLANG_CXX_LIBRARY = "libc++";
				CLANG_ENABLE_MODULES = YES;
				CLANG_ENABLE_OBJC_ARC = YES;
				CLANG_WARN_BOOL_CONVERSION = YES;
				CLANG_WARN_CONSTANT_CONVERSION = YES;
				CLANG_WARN_DIRECT_OBJC_ISA_USAGE = YES_ERROR;
				CLANG_WARN_EMPTY_BODY = YES;
				CLANG_WARN_ENUM_CONVERSION = YES;
				CLANG_WARN_INT_CONVERSION = YES;
				CLANG_WARN_OBJC_ROOT_CLASS = YES_ERROR;
				CLANG_WARN_UNREACHABLE_CODE = YES;
				CLANG_WARN__DUPLICATE_METHOD_MATCH = YES;
				"CODE_SIGN_IDENTITY[sdk=iphoneos*]" = "iPhone Developer";
				COPY_PHASE_STRIP = NO;
				DEBUG_INFORMATION_FORMAT = dwarf;
				ENABLE_STRICT_OBJC_MSGSEND = YES;
				ENABLE_TESTABILITY = YES;
				GCC_C_LANGUAGE_STANDARD = gnu99;
				GCC_DYNAMIC_NO_PIC = NO;
				GCC_NO_COMMON_BLOCKS = YES;
				GCC_OPTIMIZATION_LEVEL = 0;
				GCC_PREPROCESSOR_DEFINITIONS = (
					"DEBUG=1",
					"$(inherited)",
				);
				GCC_WARN_64_TO_32_BIT_CONVERSION = YES;
				GCC_WARN_ABOUT_RETURN_TYPE = YES_ERROR;
				GCC_WARN_UNDECLARED_SELECTOR = YES;
				GCC_WARN_UNINITIALIZED_AUTOS = YES_AGGRESSIVE;
				GCC_WARN_UNUSED_FUNCTION = YES;
				GCC_WARN_UNUSED_VARIABLE = YES;
				IPHONEOS_DEPLOYMENT_TARGET = 9.2;
				MTL_ENABLE_DEBUG_INFO = YES;
				ONLY_ACTIVE_ARCH = YES;
				SDKROOT = iphoneos;
				SWIFT_OPTIMIZATION_LEVEL = "-Onone";
			};
			name = Debug;
		};
		6B2638EA1C3CD8F20050FFFD /* Release */ = {
			isa = XCBuildConfiguration;
			buildSettings = {
				ALWAYS_SEARCH_USER_PATHS = NO;
				CLANG_CXX_LANGUAGE_STANDARD = "gnu++0x";
				CLANG_CXX_LIBRARY = "libc++";
				CLANG_ENABLE_MODULES = YES;
				CLANG_ENABLE_OBJC_ARC = YES;
				CLANG_WARN_BOOL_CONVERSION = YES;
				CLANG_WARN_CONSTANT_CONVERSION = YES;
				CLANG_WARN_DIRECT_OBJC_ISA_USAGE = YES_ERROR;
				CLANG_WARN_EMPTY_BODY = YES;
				CLANG_WARN_ENUM_CONVERSION = YES;
				CLANG_WARN_INT_CONVERSION = YES;
				CLANG_WARN_OBJC_ROOT_CLASS = YES_ERROR;
				CLANG_WARN_UNREACHABLE_CODE = YES;
				CLANG_WARN__DUPLICATE_METHOD_MATCH = YES;
				"CODE_SIGN_IDENTITY[sdk=iphoneos*]" = "iPhone Developer";
				COPY_PHASE_STRIP = NO;
				DEBUG_INFORMATION_FORMAT = "dwarf-with-dsym";
				ENABLE_NS_ASSERTIONS = NO;
				ENABLE_STRICT_OBJC_MSGSEND = YES;
				GCC_C_LANGUAGE_STANDARD = gnu99;
				GCC_NO_COMMON_BLOCKS = YES;
				GCC_WARN_64_TO_32_BIT_CONVERSION = YES;
				GCC_WARN_ABOUT_RETURN_TYPE = YES_ERROR;
				GCC_WARN_UNDECLARED_SELECTOR = YES;
				GCC_WARN_UNINITIALIZED_AUTOS = YES_AGGRESSIVE;
				GCC_WARN_UNUSED_FUNCTION = YES;
				GCC_WARN_UNUSED_VARIABLE = YES;
				IPHONEOS_DEPLOYMENT_TARGET = 9.2;
				MTL_ENABLE_DEBUG_INFO = NO;
				SDKROOT = iphoneos;
				VALIDATE_PRODUCT = YES;
			};
			name = Release;
		};
		6B2638EC1C3CD8F20050FFFD /* Debug */ = {
			isa = XCBuildConfiguration;
			buildSettings = {
				ASSETCATALOG_COMPILER_APPICON_NAME = AppIcon;
				INFOPLIST_FILE = ClassPath/Info.plist;
				LD_RUNPATH_SEARCH_PATHS = "$(inherited) @executable_path/Frameworks";
				PRODUCT_BUNDLE_IDENTIFIER = org.kl.ClassPath;
				PRODUCT_NAME = "$(TARGET_NAME)";
			};
			name = Debug;
		};
		6B2638ED1C3CD8F20050FFFD /* Release */ = {
			isa = XCBuildConfiguration;
			buildSettings = {
				ASSETCATALOG_COMPILER_APPICON_NAME = AppIcon;
				INFOPLIST_FILE = ClassPath/Info.plist;
				LD_RUNPATH_SEARCH_PATHS = "$(inherited) @executable_path/Frameworks";
				PRODUCT_BUNDLE_IDENTIFIER = org.kl.ClassPath;
				PRODUCT_NAME = "$(TARGET_NAME)";
			};
			name = Release;
		};
/* End XCBuildConfiguration section */

/* Begin XCConfigurationList section */
		6B2638D41C3CD8F20050FFFD /* Build configuration list for PBXProject "ClassPath" */ = {
			isa = XCConfigurationList;
			buildConfigurations = (
				6B2638E91C3CD8F20050FFFD /* Debug */,
				6B2638EA1C3CD8F20050FFFD /* Release */,
			);
			defaultConfigurationIsVisible = 0;
			defaultConfigurationName = Release;
		};
		6B2638EB1C3CD8F20050FFFD /* Build configuration list for PBXNativeTarget "ClassPath" */ = {
			isa = XCConfigurationList;
			buildConfigurations = (
				6B2638EC1C3CD8F20050FFFD /* Debug */,
				6B2638ED1C3CD8F20050FFFD /* Release */,
			);
			defaultConfigurationIsVisible = 0;
		};
/* End XCConfigurationList section */
	};
	rootObject = 6B2638D11C3CD8F20050FFFD /* Project object */;
}
