// !$*UTF8*$!
{
	archiveVersion = 1;
	classes = {
	};
	objectVersion = 46;
	objects = {

/* Begin PBXBuildFile section */
		6B527E331C52037500CF19ED /* AppDelegate.swift in Sources */ = {isa = PBXBuildFile; fileRef = 6B527E321C52037500CF19ED /* AppDelegate.swift */; };
		6B527E351C52037500CF19ED /* ViewController.swift in Sources */ = {isa = PBXBuildFile; fileRef = 6B527E341C52037500CF19ED /* ViewController.swift */; };
		6B527E381C52037500CF19ED /* Main.storyboard in Resources */ = {isa = PBXBuildFile; fileRef = 6B527E361C52037500CF19ED /* Main.storyboard */; };
		6B527E3A1C52037500CF19ED /* Assets.xcassets in Resources */ = {isa = PBXBuildFile; fileRef = 6B527E391C52037500CF19ED /* Assets.xcassets */; };
		6B527E3D1C52037500CF19ED /* LaunchScreen.storyboard in Resources */ = {isa = PBXBuildFile; fileRef = 6B527E3B1C52037500CF19ED /* LaunchScreen.storyboard */; };
		6B527E451C52039400CF19ED /* CoreMotion.framework in Frameworks */ = {isa = PBXBuildFile; fileRef = 6B527E441C52039400CF19ED /* CoreMotion.framework */; };
/* End PBXBuildFile section */

/* Begin PBXFileReference section */
		6B527E2F1C52037500CF19ED /* KLMotion_swift.app */ = {isa = PBXFileReference; explicitFileType = wrapper.application; includeInIndex = 0; path = KLMotion_swift.app; sourceTree = BUILT_PRODUCTS_DIR; };
		6B527E321C52037500CF19ED /* AppDelegate.swift */ = {isa = PBXFileReference; lastKnownFileType = sourcecode.swift; path = AppDelegate.swift; sourceTree = "<group>"; };
		6B527E341C52037500CF19ED /* ViewController.swift */ = {isa = PBXFileReference; lastKnownFileType = sourcecode.swift; path = ViewController.swift; sourceTree = "<group>"; };
		6B527E371C52037500CF19ED /* Base */ = {isa = PBXFileReference; lastKnownFileType = file.storyboard; name = Base; path = Base.lproj/Main.storyboard; sourceTree = "<group>"; };
		6B527E391C52037500CF19ED /* Assets.xcassets */ = {isa = PBXFileReference; lastKnownFileType = folder.assetcatalog; path = Assets.xcassets; sourceTree = "<group>"; };
		6B527E3C1C52037500CF19ED /* Base */ = {isa = PBXFileReference; lastKnownFileType = file.storyboard; name = Base; path = Base.lproj/LaunchScreen.storyboard; sourceTree = "<group>"; };
		6B527E3E1C52037500CF19ED /* Info.plist */ = {isa = PBXFileReference; lastKnownFileType = text.plist.xml; path = Info.plist; sourceTree = "<group>"; };
		6B527E441C52039400CF19ED /* CoreMotion.framework */ = {isa = PBXFileReference; lastKnownFileType = wrapper.framework; name = CoreMotion.framework; path = System/Library/Frameworks/CoreMotion.framework; sourceTree = SDKROOT; };
/* End PBXFileReference section */

/* Begin PBXFrameworksBuildPhase section */
		6B527E2C1C52037500CF19ED /* Frameworks */ = {
			isa = PBXFrameworksBuildPhase;
			buildActionMask = 2147483647;
			files = (
				6B527E451C52039400CF19ED /* CoreMotion.framework in Frameworks */,
			);
			runOnlyForDeploymentPostprocessing = 0;
		};
/* End PBXFrameworksBuildPhase section */

/* Begin PBXGroup section */
		6B527E261C52037500CF19ED = {
			isa = PBXGroup;
			children = (
				6B527E441C52039400CF19ED /* CoreMotion.framework */,
				6B527E311C52037500CF19ED /* KLMotion_swift */,
				6B527E301C52037500CF19ED /* Products */,
			);
			sourceTree = "<group>";
		};
		6B527E301C52037500CF19ED /* Products */ = {
			isa = PBXGroup;
			children = (
				6B527E2F1C52037500CF19ED /* KLMotion_swift.app */,
			);
			name = Products;
			sourceTree = "<group>";
		};
		6B527E311C52037500CF19ED /* KLMotion_swift */ = {
			isa = PBXGroup;
			children = (
				6B527E321C52037500CF19ED /* AppDelegate.swift */,
				6B527E341C52037500CF19ED /* ViewController.swift */,
				6B527E361C52037500CF19ED /* Main.storyboard */,
				6B527E391C52037500CF19ED /* Assets.xcassets */,
				6B527E3B1C52037500CF19ED /* LaunchScreen.storyboard */,
				6B527E3E1C52037500CF19ED /* Info.plist */,
			);
			path = KLMotion_swift;
			sourceTree = "<group>";
		};
/* End PBXGroup section */

/* Begin PBXNativeTarget section */
		6B527E2E1C52037500CF19ED /* KLMotion_swift */ = {
			isa = PBXNativeTarget;
			buildConfigurationList = 6B527E411C52037500CF19ED /* Build configuration list for PBXNativeTarget "KLMotion_swift" */;
			buildPhases = (
				6B527E2B1C52037500CF19ED /* Sources */,
				6B527E2C1C52037500CF19ED /* Frameworks */,
				6B527E2D1C52037500CF19ED /* Resources */,
			);
			buildRules = (
			);
			dependencies = (
			);
			name = KLMotion_swift;
			productName = KLMotion_swift;
			productReference = 6B527E2F1C52037500CF19ED /* KLMotion_swift.app */;
			productType = "com.apple.product-type.application";
		};
/* End PBXNativeTarget section */

/* Begin PBXProject section */
		6B527E271C52037500CF19ED /* Project object */ = {
			isa = PBXProject;
			attributes = {
				LastSwiftUpdateCheck = 0720;
				LastUpgradeCheck = 0720;
				ORGANIZATIONNAME = LeonKang;
				TargetAttributes = {
					6B527E2E1C52037500CF19ED = {
						CreatedOnToolsVersion = 7.2;
					};
				};
			};
			buildConfigurationList = 6B527E2A1C52037500CF19ED /* Build configuration list for PBXProject "KLMotion_swift" */;
			compatibilityVersion = "Xcode 3.2";
			developmentRegion = English;
			hasScannedForEncodings = 0;
			knownRegions = (
				en,
				Base,
			);
			mainGroup = 6B527E261C52037500CF19ED;
			productRefGroup = 6B527E301C52037500CF19ED /* Products */;
			projectDirPath = "";
			projectRoot = "";
			targets = (
				6B527E2E1C52037500CF19ED /* KLMotion_swift */,
			);
		};
/* End PBXProject section */

/* Begin PBXResourcesBuildPhase section */
		6B527E2D1C52037500CF19ED /* Resources */ = {
			isa = PBXResourcesBuildPhase;
			buildActionMask = 2147483647;
			files = (
				6B527E3D1C52037500CF19ED /* LaunchScreen.storyboard in Resources */,
				6B527E3A1C52037500CF19ED /* Assets.xcassets in Resources */,
				6B527E381C52037500CF19ED /* Main.storyboard in Resources */,
			);
			runOnlyForDeploymentPostprocessing = 0;
		};
/* End PBXResourcesBuildPhase section */

/* Begin PBXSourcesBuildPhase section */
		6B527E2B1C52037500CF19ED /* Sources */ = {
			isa = PBXSourcesBuildPhase;
			buildActionMask = 2147483647;
			files = (
				6B527E351C52037500CF19ED /* ViewController.swift in Sources */,
				6B527E331C52037500CF19ED /* AppDelegate.swift in Sources */,
			);
			runOnlyForDeploymentPostprocessing = 0;
		};
/* End PBXSourcesBuildPhase section */

/* Begin PBXVariantGroup section */
		6B527E361C52037500CF19ED /* Main.storyboard */ = {
			isa = PBXVariantGroup;
			children = (
				6B527E371C52037500CF19ED /* Base */,
			);
			name = Main.storyboard;
			sourceTree = "<group>";
		};
		6B527E3B1C52037500CF19ED /* LaunchScreen.storyboard */ = {
			isa = PBXVariantGroup;
			children = (
				6B527E3C1C52037500CF19ED /* Base */,
			);
			name = LaunchScreen.storyboard;
			sourceTree = "<group>";
		};
/* End PBXVariantGroup section */

/* Begin XCBuildConfiguration section */
		6B527E3F1C52037500CF19ED /* Debug */ = {
			isa = XCBuildConfiguration;
			buildSettings = {
				ALWAYS_SEARCH_USER_PATHS = NO;
				CLANG_CXX_LANGUAGE_STANDARD = "gnu++0x";
				CLANG_CXX_LIBRARY = "libc++";
				CLANG_ENABLE_MODULES = YES;
				CLANG_ENABLE_OBJC_ARC = YES;
				CLANG_WARN_BOOL_CONVERSION = YES;
				CLANG_WARN_CONSTANT_CONVERSION = YES;
				CLANG_WARN_DIRECT_OBJC_ISA_USAGE = YES_ERROR;
				CLANG_WARN_EMPTY_BODY = YES;
				CLANG_WARN_ENUM_CONVERSION = YES;
				CLANG_WARN_INT_CONVERSION = YES;
				CLANG_WARN_OBJC_ROOT_CLASS = YES_ERROR;
				CLANG_WARN_UNREACHABLE_CODE = YES;
				CLANG_WARN__DUPLICATE_METHOD_MATCH = YES;
				"CODE_SIGN_IDENTITY[sdk=iphoneos*]" = "iPhone Developer";
				COPY_PHASE_STRIP = NO;
				DEBUG_INFORMATION_FORMAT = dwarf;
				ENABLE_STRICT_OBJC_MSGSEND = YES;
				ENABLE_TESTABILITY = YES;
				GCC_C_LANGUAGE_STANDARD = gnu99;
				GCC_DYNAMIC_NO_PIC = NO;
				GCC_NO_COMMON_BLOCKS = YES;
				GCC_OPTIMIZATION_LEVEL = 0;
				GCC_PREPROCESSOR_DEFINITIONS = (
					"DEBUG=1",
					"$(inherited)",
				);
				GCC_WARN_64_TO_32_BIT_CONVERSION = YES;
				GCC_WARN_ABOUT_RETURN_TYPE = YES_ERROR;
				GCC_WARN_UNDECLARED_SELECTOR = YES;
				GCC_WARN_UNINITIALIZED_AUTOS = YES_AGGRESSIVE;
				GCC_WARN_UNUSED_FUNCTION = YES;
				GCC_WARN_UNUSED_VARIABLE = YES;
				IPHONEOS_DEPLOYMENT_TARGET = 9.2;
				MTL_ENABLE_DEBUG_INFO = YES;
				ONLY_ACTIVE_ARCH = YES;
				SDKROOT = iphoneos;
				SWIFT_OPTIMIZATION_LEVEL = "-Onone";
			};
			name = Debug;
		};
		6B527E401C52037500CF19ED /* Release */ = {
			isa = XCBuildConfiguration;
			buildSettings = {
				ALWAYS_SEARCH_USER_PATHS = NO;
				CLANG_CXX_LANGUAGE_STANDARD = "gnu++0x";
				CLANG_CXX_LIBRARY = "libc++";
				CLANG_ENABLE_MODULES = YES;
				CLANG_ENABLE_OBJC_ARC = YES;
				CLANG_WARN_BOOL_CONVERSION = YES;
				CLANG_WARN_CONSTANT_CONVERSION = YES;
				CLANG_WARN_DIRECT_OBJC_ISA_USAGE = YES_ERROR;
				CLANG_WARN_EMPTY_BODY = YES;
				CLANG_WARN_ENUM_CONVERSION = YES;
				CLANG_WARN_INT_CONVERSION = YES;
				CLANG_WARN_OBJC_ROOT_CLASS = YES_ERROR;
				CLANG_WARN_UNREACHABLE_CODE = YES;
				CLANG_WARN__DUPLICATE_METHOD_MATCH = YES;
				"CODE_SIGN_IDENTITY[sdk=iphoneos*]" = "iPhone Developer";
				COPY_PHASE_STRIP = NO;
				DEBUG_INFORMATION_FORMAT = "dwarf-with-dsym";
				ENABLE_NS_ASSERTIONS = NO;
				ENABLE_STRICT_OBJC_MSGSEND = YES;
				GCC_C_LANGUAGE_STANDARD = gnu99;
				GCC_NO_COMMON_BLOCKS = YES;
				GCC_WARN_64_TO_32_BIT_CONVERSION = YES;
				GCC_WARN_ABOUT_RETURN_TYPE = YES_ERROR;
				GCC_WARN_UNDECLARED_SELECTOR = YES;
				GCC_WARN_UNINITIALIZED_AUTOS = YES_AGGRESSIVE;
				GCC_WARN_UNUSED_FUNCTION = YES;
				GCC_WARN_UNUSED_VARIABLE = YES;
				IPHONEOS_DEPLOYMENT_TARGET = 9.2;
				MTL_ENABLE_DEBUG_INFO = NO;
				SDKROOT = iphoneos;
				VALIDATE_PRODUCT = YES;
			};
			name = Release;
		};
		6B527E421C52037500CF19ED /* Debug */ = {
			isa = XCBuildConfiguration;
			buildSettings = {
				ASSETCATALOG_COMPILER_APPICON_NAME = AppIcon;
				INFOPLIST_FILE = KLMotion_swift/Info.plist;
				LD_RUNPATH_SEARCH_PATHS = "$(inherited) @executable_path/Frameworks";
				PRODUCT_BUNDLE_IDENTIFIER = "org.kl.KLMotion-swift";
				PRODUCT_NAME = "$(TARGET_NAME)";
			};
			name = Debug;
		};
		6B527E431C52037500CF19ED /* Release */ = {
			isa = XCBuildConfiguration;
			buildSettings = {
				ASSETCATALOG_COMPILER_APPICON_NAME = AppIcon;
				INFOPLIST_FILE = KLMotion_swift/Info.plist;
				LD_RUNPATH_SEARCH_PATHS = "$(inherited) @executable_path/Frameworks";
				PRODUCT_BUNDLE_IDENTIFIER = "org.kl.KLMotion-swift";
				PRODUCT_NAME = "$(TARGET_NAME)";
			};
			name = Release;
		};
/* End XCBuildConfiguration section */

/* Begin XCConfigurationList section */
		6B527E2A1C52037500CF19ED /* Build configuration list for PBXProject "KLMotion_swift" */ = {
			isa = XCConfigurationList;
			buildConfigurations = (
				6B527E3F1C52037500CF19ED /* Debug */,
				6B527E401C52037500CF19ED /* Release */,
			);
			defaultConfigurationIsVisible = 0;
			defaultConfigurationName = Release;
		};
		6B527E411C52037500CF19ED /* Build configuration list for PBXNativeTarget "KLMotion_swift" */ = {
			isa = XCConfigurationList;
			buildConfigurations = (
				6B527E421C52037500CF19ED /* Debug */,
				6B527E431C52037500CF19ED /* Release */,
			);
			defaultConfigurationIsVisible = 0;
		};
/* End XCConfigurationList section */
	};
	rootObject = 6B527E271C52037500CF19ED /* Project object */;
}
