// !$*UTF8*$!
{
	archiveVersion = 1;
	classes = {
	};
	objectVersion = 46;
	objects = {

/* Begin PBXBuildFile section */
		6BDF5C4A1C4371100081B70E /* AppDelegate.swift in Sources */ = {isa = PBXBuildFile; fileRef = 6BDF5C491C4371100081B70E /* AppDelegate.swift */; };
		6BDF5C4C1C4371100081B70E /* ViewController.swift in Sources */ = {isa = PBXBuildFile; fileRef = 6BDF5C4B1C4371100081B70E /* ViewController.swift */; };
		6BDF5C4F1C4371100081B70E /* Main.storyboard in Resources */ = {isa = PBXBuildFile; fileRef = 6BDF5C4D1C4371100081B70E /* Main.storyboard */; };
		6BDF5C511C4371100081B70E /* Assets.xcassets in Resources */ = {isa = PBXBuildFile; fileRef = 6BDF5C501C4371100081B70E /* Assets.xcassets */; };
		6BDF5C541C4371100081B70E /* LaunchScreen.storyboard in Resources */ = {isa = PBXBuildFile; fileRef = 6BDF5C521C4371100081B70E /* LaunchScreen.storyboard */; };
		6BDF5C5C1C43711C0081B70E /* SceneKit.framework in Frameworks */ = {isa = PBXBuildFile; fileRef = 6BDF5C5B1C43711C0081B70E /* SceneKit.framework */; };
		6BDF5C5E1C438E860081B70E /* KLMaterial.swift in Sources */ = {isa = PBXBuildFile; fileRef = 6BDF5C5D1C438E860081B70E /* KLMaterial.swift */; };
		6BDF5C601C4392BA0081B70E /* KLTapRecognizer.swift in Sources */ = {isa = PBXBuildFile; fileRef = 6BDF5C5F1C4392BA0081B70E /* KLTapRecognizer.swift */; };
		6BDF5C621C439B1C0081B70E /* GeometryConstraint.swift in Sources */ = {isa = PBXBuildFile; fileRef = 6BDF5C611C439B1C0081B70E /* GeometryConstraint.swift */; };
		6BDF5C641C439E2D0081B70E /* Critter.dae in Resources */ = {isa = PBXBuildFile; fileRef = 6BDF5C631C439E2D0081B70E /* Critter.dae */; };
		6BDF5C661C439E6C0081B70E /* DaeNode.swift in Sources */ = {isa = PBXBuildFile; fileRef = 6BDF5C651C439E6C0081B70E /* DaeNode.swift */; };
		6BDF5C681C43A14C0081B70E /* KLPhysicBody.swift in Sources */ = {isa = PBXBuildFile; fileRef = 6BDF5C671C43A14C0081B70E /* KLPhysicBody.swift */; };
		6BDF5C6A1C43A2CC0081B70E /* KLFloor.swift in Sources */ = {isa = PBXBuildFile; fileRef = 6BDF5C691C43A2CC0081B70E /* KLFloor.swift */; };
/* End PBXBuildFile section */

/* Begin PBXFileReference section */
		6BDF5C461C43710F0081B70E /* KLScenceKit.app */ = {isa = PBXFileReference; explicitFileType = wrapper.application; includeInIndex = 0; path = KLScenceKit.app; sourceTree = BUILT_PRODUCTS_DIR; };
		6BDF5C491C4371100081B70E /* AppDelegate.swift */ = {isa = PBXFileReference; lastKnownFileType = sourcecode.swift; path = AppDelegate.swift; sourceTree = "<group>"; };
		6BDF5C4B1C4371100081B70E /* ViewController.swift */ = {isa = PBXFileReference; lastKnownFileType = sourcecode.swift; path = ViewController.swift; sourceTree = "<group>"; };
		6BDF5C4E1C4371100081B70E /* Base */ = {isa = PBXFileReference; lastKnownFileType = file.storyboard; name = Base; path = Base.lproj/Main.storyboard; sourceTree = "<group>"; };
		6BDF5C501C4371100081B70E /* Assets.xcassets */ = {isa = PBXFileReference; lastKnownFileType = folder.assetcatalog; path = Assets.xcassets; sourceTree = "<group>"; };
		6BDF5C531C4371100081B70E /* Base */ = {isa = PBXFileReference; lastKnownFileType = file.storyboard; name = Base; path = Base.lproj/LaunchScreen.storyboard; sourceTree = "<group>"; };
		6BDF5C551C4371100081B70E /* Info.plist */ = {isa = PBXFileReference; lastKnownFileType = text.plist.xml; path = Info.plist; sourceTree = "<group>"; };
		6BDF5C5B1C43711C0081B70E /* SceneKit.framework */ = {isa = PBXFileReference; lastKnownFileType = wrapper.framework; name = SceneKit.framework; path = System/Library/Frameworks/SceneKit.framework; sourceTree = SDKROOT; };
		6BDF5C5D1C438E860081B70E /* KLMaterial.swift */ = {isa = PBXFileReference; fileEncoding = 4; lastKnownFileType = sourcecode.swift; path = KLMaterial.swift; sourceTree = "<group>"; };
		6BDF5C5F1C4392BA0081B70E /* KLTapRecognizer.swift */ = {isa = PBXFileReference; fileEncoding = 4; lastKnownFileType = sourcecode.swift; path = KLTapRecognizer.swift; sourceTree = "<group>"; };
		6BDF5C611C439B1C0081B70E /* GeometryConstraint.swift */ = {isa = PBXFileReference; fileEncoding = 4; lastKnownFileType = sourcecode.swift; path = GeometryConstraint.swift; sourceTree = "<group>"; };
		6BDF5C631C439E2D0081B70E /* Critter.dae */ = {isa = PBXFileReference; fileEncoding = 4; lastKnownFileType = text.xml.dae; path = Critter.dae; sourceTree = "<group>"; };
		6BDF5C651C439E6C0081B70E /* DaeNode.swift */ = {isa = PBXFileReference; fileEncoding = 4; lastKnownFileType = sourcecode.swift; path = DaeNode.swift; sourceTree = "<group>"; };
		6BDF5C671C43A14C0081B70E /* KLPhysicBody.swift */ = {isa = PBXFileReference; fileEncoding = 4; lastKnownFileType = sourcecode.swift; path = KLPhysicBody.swift; sourceTree = "<group>"; };
		6BDF5C691C43A2CC0081B70E /* KLFloor.swift */ = {isa = PBXFileReference; fileEncoding = 4; lastKnownFileType = sourcecode.swift; path = KLFloor.swift; sourceTree = "<group>"; };
/* End PBXFileReference section */

/* Begin PBXFrameworksBuildPhase section */
		6BDF5C431C43710F0081B70E /* Frameworks */ = {
			isa = PBXFrameworksBuildPhase;
			buildActionMask = 2147483647;
			files = (
				6BDF5C5C1C43711C0081B70E /* SceneKit.framework in Frameworks */,
			);
			runOnlyForDeploymentPostprocessing = 0;
		};
/* End PBXFrameworksBuildPhase section */

/* Begin PBXGroup section */
		6BDF5C3D1C43710F0081B70E = {
			isa = PBXGroup;
			children = (
				6BDF5C5B1C43711C0081B70E /* SceneKit.framework */,
				6BDF5C481C4371100081B70E /* KLScenceKit */,
				6BDF5C471C43710F0081B70E /* Products */,
			);
			sourceTree = "<group>";
		};
		6BDF5C471C43710F0081B70E /* Products */ = {
			isa = PBXGroup;
			children = (
				6BDF5C461C43710F0081B70E /* KLScenceKit.app */,
			);
			name = Products;
			sourceTree = "<group>";
		};
		6BDF5C481C4371100081B70E /* KLScenceKit */ = {
			isa = PBXGroup;
			children = (
				6BDF5C491C4371100081B70E /* AppDelegate.swift */,
				6BDF5C4B1C4371100081B70E /* ViewController.swift */,
				6BDF5C671C43A14C0081B70E /* KLPhysicBody.swift */,
				6BDF5C691C43A2CC0081B70E /* KLFloor.swift */,
				6BDF5C611C439B1C0081B70E /* GeometryConstraint.swift */,
				6BDF5C5F1C4392BA0081B70E /* KLTapRecognizer.swift */,
				6BDF5C5D1C438E860081B70E /* KLMaterial.swift */,
				6BDF5C4D1C4371100081B70E /* Main.storyboard */,
				6BDF5C501C4371100081B70E /* Assets.xcassets */,
				6BDF5C631C439E2D0081B70E /* Critter.dae */,
				6BDF5C651C439E6C0081B70E /* DaeNode.swift */,
				6BDF5C521C4371100081B70E /* LaunchScreen.storyboard */,
				6BDF5C551C4371100081B70E /* Info.plist */,
			);
			path = KLScenceKit;
			sourceTree = "<group>";
		};
/* End PBXGroup section */

/* Begin PBXNativeTarget section */
		6BDF5C451C43710F0081B70E /* KLScenceKit */ = {
			isa = PBXNativeTarget;
			buildConfigurationList = 6BDF5C581C4371100081B70E /* Build configuration list for PBXNativeTarget "KLScenceKit" */;
			buildPhases = (
				6BDF5C421C43710F0081B70E /* Sources */,
				6BDF5C431C43710F0081B70E /* Frameworks */,
				6BDF5C441C43710F0081B70E /* Resources */,
			);
			buildRules = (
			);
			dependencies = (
			);
			name = KLScenceKit;
			productName = KLScenceKit;
			productReference = 6BDF5C461C43710F0081B70E /* KLScenceKit.app */;
			productType = "com.apple.product-type.application";
		};
/* End PBXNativeTarget section */

/* Begin PBXProject section */
		6BDF5C3E1C43710F0081B70E /* Project object */ = {
			isa = PBXProject;
			attributes = {
				LastSwiftUpdateCheck = 0720;
				LastUpgradeCheck = 0720;
				ORGANIZATIONNAME = kl;
				TargetAttributes = {
					6BDF5C451C43710F0081B70E = {
						CreatedOnToolsVersion = 7.2;
					};
				};
			};
			buildConfigurationList = 6BDF5C411C43710F0081B70E /* Build configuration list for PBXProject "KLScenceKit" */;
			compatibilityVersion = "Xcode 3.2";
			developmentRegion = English;
			hasScannedForEncodings = 0;
			knownRegions = (
				en,
				Base,
			);
			mainGroup = 6BDF5C3D1C43710F0081B70E;
			productRefGroup = 6BDF5C471C43710F0081B70E /* Products */;
			projectDirPath = "";
			projectRoot = "";
			targets = (
				6BDF5C451C43710F0081B70E /* KLScenceKit */,
			);
		};
/* End PBXProject section */

/* Begin PBXResourcesBuildPhase section */
		6BDF5C441C43710F0081B70E /* Resources */ = {
			isa = PBXResourcesBuildPhase;
			buildActionMask = 2147483647;
			files = (
				6BDF5C641C439E2D0081B70E /* Critter.dae in Resources */,
				6BDF5C541C4371100081B70E /* LaunchScreen.storyboard in Resources */,
				6BDF5C511C4371100081B70E /* Assets.xcassets in Resources */,
				6BDF5C4F1C4371100081B70E /* Main.storyboard in Resources */,
			);
			runOnlyForDeploymentPostprocessing = 0;
		};
/* End PBXResourcesBuildPhase section */

/* Begin PBXSourcesBuildPhase section */
		6BDF5C421C43710F0081B70E /* Sources */ = {
			isa = PBXSourcesBuildPhase;
			buildActionMask = 2147483647;
			files = (
				6BDF5C601C4392BA0081B70E /* KLTapRecognizer.swift in Sources */,
				6BDF5C6A1C43A2CC0081B70E /* KLFloor.swift in Sources */,
				6BDF5C5E1C438E860081B70E /* KLMaterial.swift in Sources */,
				6BDF5C4C1C4371100081B70E /* ViewController.swift in Sources */,
				6BDF5C681C43A14C0081B70E /* KLPhysicBody.swift in Sources */,
				6BDF5C621C439B1C0081B70E /* GeometryConstraint.swift in Sources */,
				6BDF5C661C439E6C0081B70E /* DaeNode.swift in Sources */,
				6BDF5C4A1C4371100081B70E /* AppDelegate.swift in Sources */,
			);
			runOnlyForDeploymentPostprocessing = 0;
		};
/* End PBXSourcesBuildPhase section */

/* Begin PBXVariantGroup section */
		6BDF5C4D1C4371100081B70E /* Main.storyboard */ = {
			isa = PBXVariantGroup;
			children = (
				6BDF5C4E1C4371100081B70E /* Base */,
			);
			name = Main.storyboard;
			sourceTree = "<group>";
		};
		6BDF5C521C4371100081B70E /* LaunchScreen.storyboard */ = {
			isa = PBXVariantGroup;
			children = (
				6BDF5C531C4371100081B70E /* Base */,
			);
			name = LaunchScreen.storyboard;
			sourceTree = "<group>";
		};
/* End PBXVariantGroup section */

/* Begin XCBuildConfiguration section */
		6BDF5C561C4371100081B70E /* Debug */ = {
			isa = XCBuildConfiguration;
			buildSettings = {
				ALWAYS_SEARCH_USER_PATHS = NO;
				CLANG_CXX_LANGUAGE_STANDARD = "gnu++0x";
				CLANG_CXX_LIBRARY = "libc++";
				CLANG_ENABLE_MODULES = YES;
				CLANG_ENABLE_OBJC_ARC = YES;
				CLANG_WARN_BOOL_CONVERSION = YES;
				CLANG_WARN_CONSTANT_CONVERSION = YES;
				CLANG_WARN_DIRECT_OBJC_ISA_USAGE = YES_ERROR;
				CLANG_WARN_EMPTY_BODY = YES;
				CLANG_WARN_ENUM_CONVERSION = YES;
				CLANG_WARN_INT_CONVERSION = YES;
				CLANG_WARN_OBJC_ROOT_CLASS = YES_ERROR;
				CLANG_WARN_UNREACHABLE_CODE = YES;
				CLANG_WARN__DUPLICATE_METHOD_MATCH = YES;
				"CODE_SIGN_IDENTITY[sdk=iphoneos*]" = "iPhone Developer";
				COPY_PHASE_STRIP = NO;
				DEBUG_INFORMATION_FORMAT = dwarf;
				ENABLE_STRICT_OBJC_MSGSEND = YES;
				ENABLE_TESTABILITY = YES;
				GCC_C_LANGUAGE_STANDARD = gnu99;
				GCC_DYNAMIC_NO_PIC = NO;
				GCC_NO_COMMON_BLOCKS = YES;
				GCC_OPTIMIZATION_LEVEL = 0;
				GCC_PREPROCESSOR_DEFINITIONS = (
					"DEBUG=1",
					"$(inherited)",
				);
				GCC_WARN_64_TO_32_BIT_CONVERSION = YES;
				GCC_WARN_ABOUT_RETURN_TYPE = YES_ERROR;
				GCC_WARN_UNDECLARED_SELECTOR = YES;
				GCC_WARN_UNINITIALIZED_AUTOS = YES_AGGRESSIVE;
				GCC_WARN_UNUSED_FUNCTION = YES;
				GCC_WARN_UNUSED_VARIABLE = YES;
				IPHONEOS_DEPLOYMENT_TARGET = 9.2;
				MTL_ENABLE_DEBUG_INFO = YES;
				ONLY_ACTIVE_ARCH = YES;
				SDKROOT = iphoneos;
				SWIFT_OPTIMIZATION_LEVEL = "-Onone";
			};
			name = Debug;
		};
		6BDF5C571C4371100081B70E /* Release */ = {
			isa = XCBuildConfiguration;
			buildSettings = {
				ALWAYS_SEARCH_USER_PATHS = NO;
				CLANG_CXX_LANGUAGE_STANDARD = "gnu++0x";
				CLANG_CXX_LIBRARY = "libc++";
				CLANG_ENABLE_MODULES = YES;
				CLANG_ENABLE_OBJC_ARC = YES;
				CLANG_WARN_BOOL_CONVERSION = YES;
				CLANG_WARN_CONSTANT_CONVERSION = YES;
				CLANG_WARN_DIRECT_OBJC_ISA_USAGE = YES_ERROR;
				CLANG_WARN_EMPTY_BODY = YES;
				CLANG_WARN_ENUM_CONVERSION = YES;
				CLANG_WARN_INT_CONVERSION = YES;
				CLANG_WARN_OBJC_ROOT_CLASS = YES_ERROR;
				CLANG_WARN_UNREACHABLE_CODE = YES;
				CLANG_WARN__DUPLICATE_METHOD_MATCH = YES;
				"CODE_SIGN_IDENTITY[sdk=iphoneos*]" = "iPhone Developer";
				COPY_PHASE_STRIP = NO;
				DEBUG_INFORMATION_FORMAT = "dwarf-with-dsym";
				ENABLE_NS_ASSERTIONS = NO;
				ENABLE_STRICT_OBJC_MSGSEND = YES;
				GCC_C_LANGUAGE_STANDARD = gnu99;
				GCC_NO_COMMON_BLOCKS = YES;
				GCC_WARN_64_TO_32_BIT_CONVERSION = YES;
				GCC_WARN_ABOUT_RETURN_TYPE = YES_ERROR;
				GCC_WARN_UNDECLARED_SELECTOR = YES;
				GCC_WARN_UNINITIALIZED_AUTOS = YES_AGGRESSIVE;
				GCC_WARN_UNUSED_FUNCTION = YES;
				GCC_WARN_UNUSED_VARIABLE = YES;
				IPHONEOS_DEPLOYMENT_TARGET = 9.2;
				MTL_ENABLE_DEBUG_INFO = NO;
				SDKROOT = iphoneos;
				VALIDATE_PRODUCT = YES;
			};
			name = Release;
		};
		6BDF5C591C4371100081B70E /* Debug */ = {
			isa = XCBuildConfiguration;
			buildSettings = {
				ASSETCATALOG_COMPILER_APPICON_NAME = AppIcon;
				INFOPLIST_FILE = KLScenceKit/Info.plist;
				LD_RUNPATH_SEARCH_PATHS = "$(inherited) @executable_path/Frameworks";
				PRODUCT_BUNDLE_IDENTIFIER = org.kl.KLScenceKit;
				PRODUCT_NAME = "$(TARGET_NAME)";
			};
			name = Debug;
		};
		6BDF5C5A1C4371100081B70E /* Release */ = {
			isa = XCBuildConfiguration;
			buildSettings = {
				ASSETCATALOG_COMPILER_APPICON_NAME = AppIcon;
				INFOPLIST_FILE = KLScenceKit/Info.plist;
				LD_RUNPATH_SEARCH_PATHS = "$(inherited) @executable_path/Frameworks";
				PRODUCT_BUNDLE_IDENTIFIER = org.kl.KLScenceKit;
				PRODUCT_NAME = "$(TARGET_NAME)";
			};
			name = Release;
		};
/* End XCBuildConfiguration section */

/* Begin XCConfigurationList section */
		6BDF5C411C43710F0081B70E /* Build configuration list for PBXProject "KLScenceKit" */ = {
			isa = XCConfigurationList;
			buildConfigurations = (
				6BDF5C561C4371100081B70E /* Debug */,
				6BDF5C571C4371100081B70E /* Release */,
			);
			defaultConfigurationIsVisible = 0;
			defaultConfigurationName = Release;
		};
		6BDF5C581C4371100081B70E /* Build configuration list for PBXNativeTarget "KLScenceKit" */ = {
			isa = XCConfigurationList;
			buildConfigurations = (
				6BDF5C591C4371100081B70E /* Debug */,
				6BDF5C5A1C4371100081B70E /* Release */,
			);
			defaultConfigurationIsVisible = 0;
		};
/* End XCConfigurationList section */
	};
	rootObject = 6BDF5C3E1C43710F0081B70E /* Project object */;
}
