// !$*UTF8*$!
{
	archiveVersion = 1;
	classes = {
	};
	objectVersion = 46;
	objects = {

/* Begin PBXBuildFile section */
		6B01E8EF1C745BE700FF57BA /* KLPostFeedBack.swift in Sources */ = {isa = PBXBuildFile; fileRef = 6B01E8EE1C745BE700FF57BA /* KLPostFeedBack.swift */; };
		6B5D74651C743AFF0039B2A0 /* AppDelegate.swift in Sources */ = {isa = PBXBuildFile; fileRef = 6B5D74641C743AFF0039B2A0 /* AppDelegate.swift */; };
		6B5D746A1C743AFF0039B2A0 /* Main.storyboard in Resources */ = {isa = PBXBuildFile; fileRef = 6B5D74681C743AFF0039B2A0 /* Main.storyboard */; };
		6B5D746C1C743AFF0039B2A0 /* Assets.xcassets in Resources */ = {isa = PBXBuildFile; fileRef = 6B5D746B1C743AFF0039B2A0 /* Assets.xcassets */; };
		6B5D746F1C743AFF0039B2A0 /* LaunchScreen.storyboard in Resources */ = {isa = PBXBuildFile; fileRef = 6B5D746D1C743AFF0039B2A0 /* LaunchScreen.storyboard */; };
		6B5D74771C743B260039B2A0 /* KLTableViewController.swift in Sources */ = {isa = PBXBuildFile; fileRef = 6B5D74761C743B260039B2A0 /* KLTableViewController.swift */; };
		6B5D747A1C743BE40039B2A0 /* TableTextFieldCell.swift in Sources */ = {isa = PBXBuildFile; fileRef = 6B5D74791C743BE40039B2A0 /* TableTextFieldCell.swift */; };
		6B5D747D1C7441AE0039B2A0 /* TableButtonCell.swift in Sources */ = {isa = PBXBuildFile; fileRef = 6B5D747B1C7441AE0039B2A0 /* TableButtonCell.swift */; };
		6B5D74811C7441ED0039B2A0 /* TableFormCell.swift in Sources */ = {isa = PBXBuildFile; fileRef = 6B5D747F1C7441ED0039B2A0 /* TableFormCell.swift */; };
/* End PBXBuildFile section */

/* Begin PBXFileReference section */
		6B01E8EE1C745BE700FF57BA /* KLPostFeedBack.swift */ = {isa = PBXFileReference; fileEncoding = 4; lastKnownFileType = sourcecode.swift; path = KLPostFeedBack.swift; sourceTree = "<group>"; };
		6B5D74611C743AFF0039B2A0 /* KLFeedBackClass.app */ = {isa = PBXFileReference; explicitFileType = wrapper.application; includeInIndex = 0; path = KLFeedBackClass.app; sourceTree = BUILT_PRODUCTS_DIR; };
		6B5D74641C743AFF0039B2A0 /* AppDelegate.swift */ = {isa = PBXFileReference; lastKnownFileType = sourcecode.swift; path = AppDelegate.swift; sourceTree = "<group>"; };
		6B5D74691C743AFF0039B2A0 /* Base */ = {isa = PBXFileReference; lastKnownFileType = file.storyboard; name = Base; path = Base.lproj/Main.storyboard; sourceTree = "<group>"; };
		6B5D746B1C743AFF0039B2A0 /* Assets.xcassets */ = {isa = PBXFileReference; lastKnownFileType = folder.assetcatalog; path = Assets.xcassets; sourceTree = "<group>"; };
		6B5D746E1C743AFF0039B2A0 /* Base */ = {isa = PBXFileReference; lastKnownFileType = file.storyboard; name = Base; path = Base.lproj/LaunchScreen.storyboard; sourceTree = "<group>"; };
		6B5D74701C743AFF0039B2A0 /* Info.plist */ = {isa = PBXFileReference; lastKnownFileType = text.plist.xml; path = Info.plist; sourceTree = "<group>"; };
		6B5D74761C743B260039B2A0 /* KLTableViewController.swift */ = {isa = PBXFileReference; fileEncoding = 4; lastKnownFileType = sourcecode.swift; path = KLTableViewController.swift; sourceTree = "<group>"; };
		6B5D74791C743BE40039B2A0 /* TableTextFieldCell.swift */ = {isa = PBXFileReference; fileEncoding = 4; lastKnownFileType = sourcecode.swift; path = TableTextFieldCell.swift; sourceTree = "<group>"; };
		6B5D747B1C7441AE0039B2A0 /* TableButtonCell.swift */ = {isa = PBXFileReference; fileEncoding = 4; lastKnownFileType = sourcecode.swift; path = TableButtonCell.swift; sourceTree = "<group>"; };
		6B5D747F1C7441ED0039B2A0 /* TableFormCell.swift */ = {isa = PBXFileReference; fileEncoding = 4; lastKnownFileType = sourcecode.swift; path = TableFormCell.swift; sourceTree = "<group>"; };
/* End PBXFileReference section */

/* Begin PBXFrameworksBuildPhase section */
		6B5D745E1C743AFF0039B2A0 /* Frameworks */ = {
			isa = PBXFrameworksBuildPhase;
			buildActionMask = 2147483647;
			files = (
			);
			runOnlyForDeploymentPostprocessing = 0;
		};
/* End PBXFrameworksBuildPhase section */

/* Begin PBXGroup section */
		6B5D74581C743AFF0039B2A0 = {
			isa = PBXGroup;
			children = (
				6B5D74631C743AFF0039B2A0 /* KLFeedBackClass */,
				6B5D74621C743AFF0039B2A0 /* Products */,
			);
			sourceTree = "<group>";
		};
		6B5D74621C743AFF0039B2A0 /* Products */ = {
			isa = PBXGroup;
			children = (
				6B5D74611C743AFF0039B2A0 /* KLFeedBackClass.app */,
			);
			name = Products;
			sourceTree = "<group>";
		};
		6B5D74631C743AFF0039B2A0 /* KLFeedBackClass */ = {
			isa = PBXGroup;
			children = (
				6B5D74781C743B980039B2A0 /* Cell */,
				6B5D74641C743AFF0039B2A0 /* AppDelegate.swift */,
				6B5D74761C743B260039B2A0 /* KLTableViewController.swift */,
				6B01E8EE1C745BE700FF57BA /* KLPostFeedBack.swift */,
				6B5D74681C743AFF0039B2A0 /* Main.storyboard */,
				6B5D746B1C743AFF0039B2A0 /* Assets.xcassets */,
				6B5D746D1C743AFF0039B2A0 /* LaunchScreen.storyboard */,
				6B5D74701C743AFF0039B2A0 /* Info.plist */,
			);
			path = KLFeedBackClass;
			sourceTree = "<group>";
		};
		6B5D74781C743B980039B2A0 /* Cell */ = {
			isa = PBXGroup;
			children = (
				6B5D74791C743BE40039B2A0 /* TableTextFieldCell.swift */,
				6B5D747B1C7441AE0039B2A0 /* TableButtonCell.swift */,
				6B5D747F1C7441ED0039B2A0 /* TableFormCell.swift */,
			);
			name = Cell;
			sourceTree = "<group>";
		};
/* End PBXGroup section */

/* Begin PBXNativeTarget section */
		6B5D74601C743AFF0039B2A0 /* KLFeedBackClass */ = {
			isa = PBXNativeTarget;
			buildConfigurationList = 6B5D74731C743AFF0039B2A0 /* Build configuration list for PBXNativeTarget "KLFeedBackClass" */;
			buildPhases = (
				6B5D745D1C743AFF0039B2A0 /* Sources */,
				6B5D745E1C743AFF0039B2A0 /* Frameworks */,
				6B5D745F1C743AFF0039B2A0 /* Resources */,
			);
			buildRules = (
			);
			dependencies = (
			);
			name = KLFeedBackClass;
			productName = KLFeedBackClass;
			productReference = 6B5D74611C743AFF0039B2A0 /* KLFeedBackClass.app */;
			productType = "com.apple.product-type.application";
		};
/* End PBXNativeTarget section */

/* Begin PBXProject section */
		6B5D74591C743AFF0039B2A0 /* Project object */ = {
			isa = PBXProject;
			attributes = {
				LastSwiftUpdateCheck = 0720;
				LastUpgradeCheck = 0720;
				ORGANIZATIONNAME = LeonKang;
				TargetAttributes = {
					6B5D74601C743AFF0039B2A0 = {
						CreatedOnToolsVersion = 7.2.1;
					};
				};
			};
			buildConfigurationList = 6B5D745C1C743AFF0039B2A0 /* Build configuration list for PBXProject "KLFeedBackClass" */;
			compatibilityVersion = "Xcode 3.2";
			developmentRegion = English;
			hasScannedForEncodings = 0;
			knownRegions = (
				en,
				Base,
			);
			mainGroup = 6B5D74581C743AFF0039B2A0;
			productRefGroup = 6B5D74621C743AFF0039B2A0 /* Products */;
			projectDirPath = "";
			projectRoot = "";
			targets = (
				6B5D74601C743AFF0039B2A0 /* KLFeedBackClass */,
			);
		};
/* End PBXProject section */

/* Begin PBXResourcesBuildPhase section */
		6B5D745F1C743AFF0039B2A0 /* Resources */ = {
			isa = PBXResourcesBuildPhase;
			buildActionMask = 2147483647;
			files = (
				6B5D746F1C743AFF0039B2A0 /* LaunchScreen.storyboard in Resources */,
				6B5D746C1C743AFF0039B2A0 /* Assets.xcassets in Resources */,
				6B5D746A1C743AFF0039B2A0 /* Main.storyboard in Resources */,
			);
			runOnlyForDeploymentPostprocessing = 0;
		};
/* End PBXResourcesBuildPhase section */

/* Begin PBXSourcesBuildPhase section */
		6B5D745D1C743AFF0039B2A0 /* Sources */ = {
			isa = PBXSourcesBuildPhase;
			buildActionMask = 2147483647;
			files = (
				6B5D747D1C7441AE0039B2A0 /* TableButtonCell.swift in Sources */,
				6B5D74811C7441ED0039B2A0 /* TableFormCell.swift in Sources */,
				6B5D74771C743B260039B2A0 /* KLTableViewController.swift in Sources */,
				6B5D74651C743AFF0039B2A0 /* AppDelegate.swift in Sources */,
				6B5D747A1C743BE40039B2A0 /* TableTextFieldCell.swift in Sources */,
				6B01E8EF1C745BE700FF57BA /* KLPostFeedBack.swift in Sources */,
			);
			runOnlyForDeploymentPostprocessing = 0;
		};
/* End PBXSourcesBuildPhase section */

/* Begin PBXVariantGroup section */
		6B5D74681C743AFF0039B2A0 /* Main.storyboard */ = {
			isa = PBXVariantGroup;
			children = (
				6B5D74691C743AFF0039B2A0 /* Base */,
			);
			name = Main.storyboard;
			sourceTree = "<group>";
		};
		6B5D746D1C743AFF0039B2A0 /* LaunchScreen.storyboard */ = {
			isa = PBXVariantGroup;
			children = (
				6B5D746E1C743AFF0039B2A0 /* Base */,
			);
			name = LaunchScreen.storyboard;
			sourceTree = "<group>";
		};
/* End PBXVariantGroup section */

/* Begin XCBuildConfiguration section */
		6B5D74711C743AFF0039B2A0 /* Debug */ = {
			isa = XCBuildConfiguration;
			buildSettings = {
				ALWAYS_SEARCH_USER_PATHS = NO;
				CLANG_CXX_LANGUAGE_STANDARD = "gnu++0x";
				CLANG_CXX_LIBRARY = "libc++";
				CLANG_ENABLE_MODULES = YES;
				CLANG_ENABLE_OBJC_ARC = YES;
				CLANG_WARN_BOOL_CONVERSION = YES;
				CLANG_WARN_CONSTANT_CONVERSION = YES;
				CLANG_WARN_DIRECT_OBJC_ISA_USAGE = YES_ERROR;
				CLANG_WARN_EMPTY_BODY = YES;
				CLANG_WARN_ENUM_CONVERSION = YES;
				CLANG_WARN_INT_CONVERSION = YES;
				CLANG_WARN_OBJC_ROOT_CLASS = YES_ERROR;
				CLANG_WARN_UNREACHABLE_CODE = YES;
				CLANG_WARN__DUPLICATE_METHOD_MATCH = YES;
				"CODE_SIGN_IDENTITY[sdk=iphoneos*]" = "iPhone Developer";
				COPY_PHASE_STRIP = NO;
				DEBUG_INFORMATION_FORMAT = dwarf;
				ENABLE_STRICT_OBJC_MSGSEND = YES;
				ENABLE_TESTABILITY = YES;
				GCC_C_LANGUAGE_STANDARD = gnu99;
				GCC_DYNAMIC_NO_PIC = NO;
				GCC_NO_COMMON_BLOCKS = YES;
				GCC_OPTIMIZATION_LEVEL = 0;
				GCC_PREPROCESSOR_DEFINITIONS = (
					"DEBUG=1",
					"$(inherited)",
				);
				GCC_WARN_64_TO_32_BIT_CONVERSION = YES;
				GCC_WARN_ABOUT_RETURN_TYPE = YES_ERROR;
				GCC_WARN_UNDECLARED_SELECTOR = YES;
				GCC_WARN_UNINITIALIZED_AUTOS = YES_AGGRESSIVE;
				GCC_WARN_UNUSED_FUNCTION = YES;
				GCC_WARN_UNUSED_VARIABLE = YES;
				IPHONEOS_DEPLOYMENT_TARGET = 9.2;
				MTL_ENABLE_DEBUG_INFO = YES;
				ONLY_ACTIVE_ARCH = YES;
				SDKROOT = iphoneos;
				SWIFT_OPTIMIZATION_LEVEL = "-Onone";
			};
			name = Debug;
		};
		6B5D74721C743AFF0039B2A0 /* Release */ = {
			isa = XCBuildConfiguration;
			buildSettings = {
				ALWAYS_SEARCH_USER_PATHS = NO;
				CLANG_CXX_LANGUAGE_STANDARD = "gnu++0x";
				CLANG_CXX_LIBRARY = "libc++";
				CLANG_ENABLE_MODULES = YES;
				CLANG_ENABLE_OBJC_ARC = YES;
				CLANG_WARN_BOOL_CONVERSION = YES;
				CLANG_WARN_CONSTANT_CONVERSION = YES;
				CLANG_WARN_DIRECT_OBJC_ISA_USAGE = YES_ERROR;
				CLANG_WARN_EMPTY_BODY = YES;
				CLANG_WARN_ENUM_CONVERSION = YES;
				CLANG_WARN_INT_CONVERSION = YES;
				CLANG_WARN_OBJC_ROOT_CLASS = YES_ERROR;
				CLANG_WARN_UNREACHABLE_CODE = YES;
				CLANG_WARN__DUPLICATE_METHOD_MATCH = YES;
				"CODE_SIGN_IDENTITY[sdk=iphoneos*]" = "iPhone Developer";
				COPY_PHASE_STRIP = NO;
				DEBUG_INFORMATION_FORMAT = "dwarf-with-dsym";
				ENABLE_NS_ASSERTIONS = NO;
				ENABLE_STRICT_OBJC_MSGSEND = YES;
				GCC_C_LANGUAGE_STANDARD = gnu99;
				GCC_NO_COMMON_BLOCKS = YES;
				GCC_WARN_64_TO_32_BIT_CONVERSION = YES;
				GCC_WARN_ABOUT_RETURN_TYPE = YES_ERROR;
				GCC_WARN_UNDECLARED_SELECTOR = YES;
				GCC_WARN_UNINITIALIZED_AUTOS = YES_AGGRESSIVE;
				GCC_WARN_UNUSED_FUNCTION = YES;
				GCC_WARN_UNUSED_VARIABLE = YES;
				IPHONEOS_DEPLOYMENT_TARGET = 9.2;
				MTL_ENABLE_DEBUG_INFO = NO;
				SDKROOT = iphoneos;
				VALIDATE_PRODUCT = YES;
			};
			name = Release;
		};
		6B5D74741C743AFF0039B2A0 /* Debug */ = {
			isa = XCBuildConfiguration;
			buildSettings = {
				ASSETCATALOG_COMPILER_APPICON_NAME = AppIcon;
				INFOPLIST_FILE = KLFeedBackClass/Info.plist;
				LD_RUNPATH_SEARCH_PATHS = "$(inherited) @executable_path/Frameworks";
				PRODUCT_BUNDLE_IDENTIFIER = org.kl.KLFeedBackClass;
				PRODUCT_NAME = "$(TARGET_NAME)";
			};
			name = Debug;
		};
		6B5D74751C743AFF0039B2A0 /* Release */ = {
			isa = XCBuildConfiguration;
			buildSettings = {
				ASSETCATALOG_COMPILER_APPICON_NAME = AppIcon;
				INFOPLIST_FILE = KLFeedBackClass/Info.plist;
				LD_RUNPATH_SEARCH_PATHS = "$(inherited) @executable_path/Frameworks";
				PRODUCT_BUNDLE_IDENTIFIER = org.kl.KLFeedBackClass;
				PRODUCT_NAME = "$(TARGET_NAME)";
			};
			name = Release;
		};
/* End XCBuildConfiguration section */

/* Begin XCConfigurationList section */
		6B5D745C1C743AFF0039B2A0 /* Build configuration list for PBXProject "KLFeedBackClass" */ = {
			isa = XCConfigurationList;
			buildConfigurations = (
				6B5D74711C743AFF0039B2A0 /* Debug */,
				6B5D74721C743AFF0039B2A0 /* Release */,
			);
			defaultConfigurationIsVisible = 0;
			defaultConfigurationName = Release;
		};
		6B5D74731C743AFF0039B2A0 /* Build configuration list for PBXNativeTarget "KLFeedBackClass" */ = {
			isa = XCConfigurationList;
			buildConfigurations = (
				6B5D74741C743AFF0039B2A0 /* Debug */,
				6B5D74751C743AFF0039B2A0 /* Release */,
			);
			defaultConfigurationIsVisible = 0;
			defaultConfigurationName = Release;
		};
/* End XCConfigurationList section */
	};
	rootObject = 6B5D74591C743AFF0039B2A0 /* Project object */;
}
