// !$*UTF8*$!
{
	archiveVersion = 1;
	classes = {
	};
	objectVersion = 46;
	objects = {

/* Begin PBXBuildFile section */
		6B1429F31C3F7A9F00750082 /* AppDelegate.swift in Sources */ = {isa = PBXBuildFile; fileRef = 6B1429F21C3F7A9F00750082 /* AppDelegate.swift */; };
		6B1429F51C3F7A9F00750082 /* ViewController.swift in Sources */ = {isa = PBXBuildFile; fileRef = 6B1429F41C3F7A9F00750082 /* ViewController.swift */; };
		6B1429F81C3F7A9F00750082 /* Main.storyboard in Resources */ = {isa = PBXBuildFile; fileRef = 6B1429F61C3F7A9F00750082 /* Main.storyboard */; };
		6B1429FA1C3F7A9F00750082 /* Assets.xcassets in Resources */ = {isa = PBXBuildFile; fileRef = 6B1429F91C3F7A9F00750082 /* Assets.xcassets */; };
		6B1429FD1C3F7A9F00750082 /* LaunchScreen.storyboard in Resources */ = {isa = PBXBuildFile; fileRef = 6B1429FB1C3F7A9F00750082 /* LaunchScreen.storyboard */; };
		6B142A081C3F7AA000750082 /* __Tests.swift in Sources */ = {isa = PBXBuildFile; fileRef = 6B142A071C3F7AA000750082 /* __Tests.swift */; };
		6B142A131C3F7AA000750082 /* __UITests.swift in Sources */ = {isa = PBXBuildFile; fileRef = 6B142A121C3F7AA000750082 /* __UITests.swift */; };
		6B142A211C3F7ABC00750082 /* SpriteKit.framework in Frameworks */ = {isa = PBXBuildFile; fileRef = 6B142A201C3F7ABC00750082 /* SpriteKit.framework */; };
		6B142A231C3F7B7800750082 /* TextScene.swift in Sources */ = {isa = PBXBuildFile; fileRef = 6B142A221C3F7B7800750082 /* TextScene.swift */; };
		6B142A251C3F811500750082 /* KLSpriteKit.swift in Sources */ = {isa = PBXBuildFile; fileRef = 6B142A241C3F811500750082 /* KLSpriteKit.swift */; };
		6B72F9F11C3F8D050064DF90 /* KLShapeScene.swift in Sources */ = {isa = PBXBuildFile; fileRef = 6B72F9F01C3F8D050064DF90 /* KLShapeScene.swift */; };
		6B72F9F31C3F90DA0064DF90 /* FontName.swift in Sources */ = {isa = PBXBuildFile; fileRef = 6B72F9F21C3F90DA0064DF90 /* FontName.swift */; };
		6B72F9F51C3F9FE60064DF90 /* KLCopyShapeNode.swift in Sources */ = {isa = PBXBuildFile; fileRef = 6B72F9F41C3F9FE60064DF90 /* KLCopyShapeNode.swift */; };
/* End PBXBuildFile section */

/* Begin PBXContainerItemProxy section */
		6B142A041C3F7AA000750082 /* PBXContainerItemProxy */ = {
			isa = PBXContainerItemProxy;
			containerPortal = 6B1429E71C3F7A9F00750082 /* Project object */;
			proxyType = 1;
			remoteGlobalIDString = 6B1429EE1C3F7A9F00750082;
			remoteInfo = "精灵";
		};
		6B142A0F1C3F7AA000750082 /* PBXContainerItemProxy */ = {
			isa = PBXContainerItemProxy;
			containerPortal = 6B1429E71C3F7A9F00750082 /* Project object */;
			proxyType = 1;
			remoteGlobalIDString = 6B1429EE1C3F7A9F00750082;
			remoteInfo = "精灵";
		};
/* End PBXContainerItemProxy section */

/* Begin PBXFileReference section */
		6B1429EF1C3F7A9F00750082 /* 精灵.app */ = {isa = PBXFileReference; explicitFileType = wrapper.application; includeInIndex = 0; path = "精灵.app"; sourceTree = BUILT_PRODUCTS_DIR; };
		6B1429F21C3F7A9F00750082 /* AppDelegate.swift */ = {isa = PBXFileReference; lastKnownFileType = sourcecode.swift; path = AppDelegate.swift; sourceTree = "<group>"; };
		6B1429F41C3F7A9F00750082 /* ViewController.swift */ = {isa = PBXFileReference; lastKnownFileType = sourcecode.swift; path = ViewController.swift; sourceTree = "<group>"; };
		6B1429F71C3F7A9F00750082 /* Base */ = {isa = PBXFileReference; lastKnownFileType = file.storyboard; name = Base; path = Base.lproj/Main.storyboard; sourceTree = "<group>"; };
		6B1429F91C3F7A9F00750082 /* Assets.xcassets */ = {isa = PBXFileReference; lastKnownFileType = folder.assetcatalog; path = Assets.xcassets; sourceTree = "<group>"; };
		6B1429FC1C3F7A9F00750082 /* Base */ = {isa = PBXFileReference; lastKnownFileType = file.storyboard; name = Base; path = Base.lproj/LaunchScreen.storyboard; sourceTree = "<group>"; };
		6B1429FE1C3F7A9F00750082 /* Info.plist */ = {isa = PBXFileReference; lastKnownFileType = text.plist.xml; path = Info.plist; sourceTree = "<group>"; };
		6B142A031C3F7AA000750082 /* 精灵Tests.xctest */ = {isa = PBXFileReference; explicitFileType = wrapper.cfbundle; includeInIndex = 0; path = "精灵Tests.xctest"; sourceTree = BUILT_PRODUCTS_DIR; };
		6B142A071C3F7AA000750082 /* __Tests.swift */ = {isa = PBXFileReference; lastKnownFileType = sourcecode.swift; path = __Tests.swift; sourceTree = "<group>"; };
		6B142A091C3F7AA000750082 /* Info.plist */ = {isa = PBXFileReference; lastKnownFileType = text.plist.xml; path = Info.plist; sourceTree = "<group>"; };
		6B142A0E1C3F7AA000750082 /* 精灵UITests.xctest */ = {isa = PBXFileReference; explicitFileType = wrapper.cfbundle; includeInIndex = 0; path = "精灵UITests.xctest"; sourceTree = BUILT_PRODUCTS_DIR; };
		6B142A121C3F7AA000750082 /* __UITests.swift */ = {isa = PBXFileReference; lastKnownFileType = sourcecode.swift; path = __UITests.swift; sourceTree = "<group>"; };
		6B142A141C3F7AA000750082 /* Info.plist */ = {isa = PBXFileReference; lastKnownFileType = text.plist.xml; path = Info.plist; sourceTree = "<group>"; };
		6B142A201C3F7ABC00750082 /* SpriteKit.framework */ = {isa = PBXFileReference; lastKnownFileType = wrapper.framework; name = SpriteKit.framework; path = System/Library/Frameworks/SpriteKit.framework; sourceTree = SDKROOT; };
		6B142A221C3F7B7800750082 /* TextScene.swift */ = {isa = PBXFileReference; fileEncoding = 4; lastKnownFileType = sourcecode.swift; path = TextScene.swift; sourceTree = "<group>"; };
		6B142A241C3F811500750082 /* KLSpriteKit.swift */ = {isa = PBXFileReference; fileEncoding = 4; lastKnownFileType = sourcecode.swift; path = KLSpriteKit.swift; sourceTree = "<group>"; };
		6B72F9F01C3F8D050064DF90 /* KLShapeScene.swift */ = {isa = PBXFileReference; fileEncoding = 4; lastKnownFileType = sourcecode.swift; path = KLShapeScene.swift; sourceTree = "<group>"; };
		6B72F9F21C3F90DA0064DF90 /* FontName.swift */ = {isa = PBXFileReference; fileEncoding = 4; lastKnownFileType = sourcecode.swift; path = FontName.swift; sourceTree = "<group>"; };
		6B72F9F41C3F9FE60064DF90 /* KLCopyShapeNode.swift */ = {isa = PBXFileReference; fileEncoding = 4; lastKnownFileType = sourcecode.swift; path = KLCopyShapeNode.swift; sourceTree = "<group>"; };
/* End PBXFileReference section */

/* Begin PBXFrameworksBuildPhase section */
		6B1429EC1C3F7A9F00750082 /* Frameworks */ = {
			isa = PBXFrameworksBuildPhase;
			buildActionMask = 2147483647;
			files = (
				6B142A211C3F7ABC00750082 /* SpriteKit.framework in Frameworks */,
			);
			runOnlyForDeploymentPostprocessing = 0;
		};
		6B142A001C3F7AA000750082 /* Frameworks */ = {
			isa = PBXFrameworksBuildPhase;
			buildActionMask = 2147483647;
			files = (
			);
			runOnlyForDeploymentPostprocessing = 0;
		};
		6B142A0B1C3F7AA000750082 /* Frameworks */ = {
			isa = PBXFrameworksBuildPhase;
			buildActionMask = 2147483647;
			files = (
			);
			runOnlyForDeploymentPostprocessing = 0;
		};
/* End PBXFrameworksBuildPhase section */

/* Begin PBXGroup section */
		6B1429E61C3F7A9F00750082 = {
			isa = PBXGroup;
			children = (
				6B142A201C3F7ABC00750082 /* SpriteKit.framework */,
				6B1429F11C3F7A9F00750082 /* 精灵 */,
				6B142A061C3F7AA000750082 /* 精灵Tests */,
				6B142A111C3F7AA000750082 /* 精灵UITests */,
				6B1429F01C3F7A9F00750082 /* Products */,
			);
			sourceTree = "<group>";
		};
		6B1429F01C3F7A9F00750082 /* Products */ = {
			isa = PBXGroup;
			children = (
				6B1429EF1C3F7A9F00750082 /* 精灵.app */,
				6B142A031C3F7AA000750082 /* 精灵Tests.xctest */,
				6B142A0E1C3F7AA000750082 /* 精灵UITests.xctest */,
			);
			name = Products;
			sourceTree = "<group>";
		};
		6B1429F11C3F7A9F00750082 /* 精灵 */ = {
			isa = PBXGroup;
			children = (
				6B1429F21C3F7A9F00750082 /* AppDelegate.swift */,
				6B1429F41C3F7A9F00750082 /* ViewController.swift */,
				6B142A221C3F7B7800750082 /* TextScene.swift */,
				6B142A241C3F811500750082 /* KLSpriteKit.swift */,
				6B72F9F01C3F8D050064DF90 /* KLShapeScene.swift */,
				6B72F9F41C3F9FE60064DF90 /* KLCopyShapeNode.swift */,
				6B1429F61C3F7A9F00750082 /* Main.storyboard */,
				6B1429F91C3F7A9F00750082 /* Assets.xcassets */,
				6B1429FB1C3F7A9F00750082 /* LaunchScreen.storyboard */,
				6B72F9F21C3F90DA0064DF90 /* FontName.swift */,
				6B1429FE1C3F7A9F00750082 /* Info.plist */,
			);
			path = "精灵";
			sourceTree = "<group>";
		};
		6B142A061C3F7AA000750082 /* 精灵Tests */ = {
			isa = PBXGroup;
			children = (
				6B142A071C3F7AA000750082 /* __Tests.swift */,
				6B142A091C3F7AA000750082 /* Info.plist */,
			);
			path = "精灵Tests";
			sourceTree = "<group>";
		};
		6B142A111C3F7AA000750082 /* 精灵UITests */ = {
			isa = PBXGroup;
			children = (
				6B142A121C3F7AA000750082 /* __UITests.swift */,
				6B142A141C3F7AA000750082 /* Info.plist */,
			);
			path = "精灵UITests";
			sourceTree = "<group>";
		};
/* End PBXGroup section */

/* Begin PBXNativeTarget section */
		6B1429EE1C3F7A9F00750082 /* 精灵 */ = {
			isa = PBXNativeTarget;
			buildConfigurationList = 6B142A171C3F7AA000750082 /* Build configuration list for PBXNativeTarget "精灵" */;
			buildPhases = (
				6B1429EB1C3F7A9F00750082 /* Sources */,
				6B1429EC1C3F7A9F00750082 /* Frameworks */,
				6B1429ED1C3F7A9F00750082 /* Resources */,
			);
			buildRules = (
			);
			dependencies = (
			);
			name = "精灵";
			productName = "精灵";
			productReference = 6B1429EF1C3F7A9F00750082 /* 精灵.app */;
			productType = "com.apple.product-type.application";
		};
		6B142A021C3F7AA000750082 /* 精灵Tests */ = {
			isa = PBXNativeTarget;
			buildConfigurationList = 6B142A1A1C3F7AA000750082 /* Build configuration list for PBXNativeTarget "精灵Tests" */;
			buildPhases = (
				6B1429FF1C3F7AA000750082 /* Sources */,
				6B142A001C3F7AA000750082 /* Frameworks */,
				6B142A011C3F7AA000750082 /* Resources */,
			);
			buildRules = (
			);
			dependencies = (
				6B142A051C3F7AA000750082 /* PBXTargetDependency */,
			);
			name = "精灵Tests";
			productName = "精灵Tests";
			productReference = 6B142A031C3F7AA000750082 /* 精灵Tests.xctest */;
			productType = "com.apple.product-type.bundle.unit-test";
		};
		6B142A0D1C3F7AA000750082 /* 精灵UITests */ = {
			isa = PBXNativeTarget;
			buildConfigurationList = 6B142A1D1C3F7AA000750082 /* Build configuration list for PBXNativeTarget "精灵UITests" */;
			buildPhases = (
				6B142A0A1C3F7AA000750082 /* Sources */,
				6B142A0B1C3F7AA000750082 /* Frameworks */,
				6B142A0C1C3F7AA000750082 /* Resources */,
			);
			buildRules = (
			);
			dependencies = (
				6B142A101C3F7AA000750082 /* PBXTargetDependency */,
			);
			name = "精灵UITests";
			productName = "精灵UITests";
			productReference = 6B142A0E1C3F7AA000750082 /* 精灵UITests.xctest */;
			productType = "com.apple.product-type.bundle.ui-testing";
		};
/* End PBXNativeTarget section */

/* Begin PBXProject section */
		6B1429E71C3F7A9F00750082 /* Project object */ = {
			isa = PBXProject;
			attributes = {
				LastSwiftUpdateCheck = 0720;
				LastUpgradeCheck = 0720;
				ORGANIZATIONNAME = kl;
				TargetAttributes = {
					6B1429EE1C3F7A9F00750082 = {
						CreatedOnToolsVersion = 7.2;
					};
					6B142A021C3F7AA000750082 = {
						CreatedOnToolsVersion = 7.2;
						TestTargetID = 6B1429EE1C3F7A9F00750082;
					};
					6B142A0D1C3F7AA000750082 = {
						CreatedOnToolsVersion = 7.2;
						TestTargetID = 6B1429EE1C3F7A9F00750082;
					};
				};
			};
			buildConfigurationList = 6B1429EA1C3F7A9F00750082 /* Build configuration list for PBXProject "精灵" */;
			compatibilityVersion = "Xcode 3.2";
			developmentRegion = English;
			hasScannedForEncodings = 0;
			knownRegions = (
				en,
				Base,
			);
			mainGroup = 6B1429E61C3F7A9F00750082;
			productRefGroup = 6B1429F01C3F7A9F00750082 /* Products */;
			projectDirPath = "";
			projectRoot = "";
			targets = (
				6B1429EE1C3F7A9F00750082 /* 精灵 */,
				6B142A021C3F7AA000750082 /* 精灵Tests */,
				6B142A0D1C3F7AA000750082 /* 精灵UITests */,
			);
		};
/* End PBXProject section */

/* Begin PBXResourcesBuildPhase section */
		6B1429ED1C3F7A9F00750082 /* Resources */ = {
			isa = PBXResourcesBuildPhase;
			buildActionMask = 2147483647;
			files = (
				6B1429FD1C3F7A9F00750082 /* LaunchScreen.storyboard in Resources */,
				6B1429FA1C3F7A9F00750082 /* Assets.xcassets in Resources */,
				6B1429F81C3F7A9F00750082 /* Main.storyboard in Resources */,
			);
			runOnlyForDeploymentPostprocessing = 0;
		};
		6B142A011C3F7AA000750082 /* Resources */ = {
			isa = PBXResourcesBuildPhase;
			buildActionMask = 2147483647;
			files = (
			);
			runOnlyForDeploymentPostprocessing = 0;
		};
		6B142A0C1C3F7AA000750082 /* Resources */ = {
			isa = PBXResourcesBuildPhase;
			buildActionMask = 2147483647;
			files = (
			);
			runOnlyForDeploymentPostprocessing = 0;
		};
/* End PBXResourcesBuildPhase section */

/* Begin PBXSourcesBuildPhase section */
		6B1429EB1C3F7A9F00750082 /* Sources */ = {
			isa = PBXSourcesBuildPhase;
			buildActionMask = 2147483647;
			files = (
				6B1429F51C3F7A9F00750082 /* ViewController.swift in Sources */,
				6B142A231C3F7B7800750082 /* TextScene.swift in Sources */,
				6B72F9F51C3F9FE60064DF90 /* KLCopyShapeNode.swift in Sources */,
				6B72F9F11C3F8D050064DF90 /* KLShapeScene.swift in Sources */,
				6B72F9F31C3F90DA0064DF90 /* FontName.swift in Sources */,
				6B142A251C3F811500750082 /* KLSpriteKit.swift in Sources */,
				6B1429F31C3F7A9F00750082 /* AppDelegate.swift in Sources */,
			);
			runOnlyForDeploymentPostprocessing = 0;
		};
		6B1429FF1C3F7AA000750082 /* Sources */ = {
			isa = PBXSourcesBuildPhase;
			buildActionMask = 2147483647;
			files = (
				6B142A081C3F7AA000750082 /* __Tests.swift in Sources */,
			);
			runOnlyForDeploymentPostprocessing = 0;
		};
		6B142A0A1C3F7AA000750082 /* Sources */ = {
			isa = PBXSourcesBuildPhase;
			buildActionMask = 2147483647;
			files = (
				6B142A131C3F7AA000750082 /* __UITests.swift in Sources */,
			);
			runOnlyForDeploymentPostprocessing = 0;
		};
/* End PBXSourcesBuildPhase section */

/* Begin PBXTargetDependency section */
		6B142A051C3F7AA000750082 /* PBXTargetDependency */ = {
			isa = PBXTargetDependency;
			target = 6B1429EE1C3F7A9F00750082 /* 精灵 */;
			targetProxy = 6B142A041C3F7AA000750082 /* PBXContainerItemProxy */;
		};
		6B142A101C3F7AA000750082 /* PBXTargetDependency */ = {
			isa = PBXTargetDependency;
			target = 6B1429EE1C3F7A9F00750082 /* 精灵 */;
			targetProxy = 6B142A0F1C3F7AA000750082 /* PBXContainerItemProxy */;
		};
/* End PBXTargetDependency section */

/* Begin PBXVariantGroup section */
		6B1429F61C3F7A9F00750082 /* Main.storyboard */ = {
			isa = PBXVariantGroup;
			children = (
				6B1429F71C3F7A9F00750082 /* Base */,
			);
			name = Main.storyboard;
			sourceTree = "<group>";
		};
		6B1429FB1C3F7A9F00750082 /* LaunchScreen.storyboard */ = {
			isa = PBXVariantGroup;
			children = (
				6B1429FC1C3F7A9F00750082 /* Base */,
			);
			name = LaunchScreen.storyboard;
			sourceTree = "<group>";
		};
/* End PBXVariantGroup section */

/* Begin XCBuildConfiguration section */
		6B142A151C3F7AA000750082 /* Debug */ = {
			isa = XCBuildConfiguration;
			buildSettings = {
				ALWAYS_SEARCH_USER_PATHS = NO;
				CLANG_CXX_LANGUAGE_STANDARD = "gnu++0x";
				CLANG_CXX_LIBRARY = "libc++";
				CLANG_ENABLE_MODULES = YES;
				CLANG_ENABLE_OBJC_ARC = YES;
				CLANG_WARN_BOOL_CONVERSION = YES;
				CLANG_WARN_CONSTANT_CONVERSION = YES;
				CLANG_WARN_DIRECT_OBJC_ISA_USAGE = YES_ERROR;
				CLANG_WARN_EMPTY_BODY = YES;
				CLANG_WARN_ENUM_CONVERSION = YES;
				CLANG_WARN_INT_CONVERSION = YES;
				CLANG_WARN_OBJC_ROOT_CLASS = YES_ERROR;
				CLANG_WARN_UNREACHABLE_CODE = YES;
				CLANG_WARN__DUPLICATE_METHOD_MATCH = YES;
				"CODE_SIGN_IDENTITY[sdk=iphoneos*]" = "iPhone Developer";
				COPY_PHASE_STRIP = NO;
				DEBUG_INFORMATION_FORMAT = dwarf;
				ENABLE_STRICT_OBJC_MSGSEND = YES;
				ENABLE_TESTABILITY = YES;
				GCC_C_LANGUAGE_STANDARD = gnu99;
				GCC_DYNAMIC_NO_PIC = NO;
				GCC_NO_COMMON_BLOCKS = YES;
				GCC_OPTIMIZATION_LEVEL = 0;
				GCC_PREPROCESSOR_DEFINITIONS = (
					"DEBUG=1",
					"$(inherited)",
				);
				GCC_WARN_64_TO_32_BIT_CONVERSION = YES;
				GCC_WARN_ABOUT_RETURN_TYPE = YES_ERROR;
				GCC_WARN_UNDECLARED_SELECTOR = YES;
				GCC_WARN_UNINITIALIZED_AUTOS = YES_AGGRESSIVE;
				GCC_WARN_UNUSED_FUNCTION = YES;
				GCC_WARN_UNUSED_VARIABLE = YES;
				IPHONEOS_DEPLOYMENT_TARGET = 9.2;
				MTL_ENABLE_DEBUG_INFO = YES;
				ONLY_ACTIVE_ARCH = YES;
				SDKROOT = iphoneos;
				SWIFT_OPTIMIZATION_LEVEL = "-Onone";
			};
			name = Debug;
		};
		6B142A161C3F7AA000750082 /* Release */ = {
			isa = XCBuildConfiguration;
			buildSettings = {
				ALWAYS_SEARCH_USER_PATHS = NO;
				CLANG_CXX_LANGUAGE_STANDARD = "gnu++0x";
				CLANG_CXX_LIBRARY = "libc++";
				CLANG_ENABLE_MODULES = YES;
				CLANG_ENABLE_OBJC_ARC = YES;
				CLANG_WARN_BOOL_CONVERSION = YES;
				CLANG_WARN_CONSTANT_CONVERSION = YES;
				CLANG_WARN_DIRECT_OBJC_ISA_USAGE = YES_ERROR;
				CLANG_WARN_EMPTY_BODY = YES;
				CLANG_WARN_ENUM_CONVERSION = YES;
				CLANG_WARN_INT_CONVERSION = YES;
				CLANG_WARN_OBJC_ROOT_CLASS = YES_ERROR;
				CLANG_WARN_UNREACHABLE_CODE = YES;
				CLANG_WARN__DUPLICATE_METHOD_MATCH = YES;
				"CODE_SIGN_IDENTITY[sdk=iphoneos*]" = "iPhone Developer";
				COPY_PHASE_STRIP = NO;
				DEBUG_INFORMATION_FORMAT = "dwarf-with-dsym";
				ENABLE_NS_ASSERTIONS = NO;
				ENABLE_STRICT_OBJC_MSGSEND = YES;
				GCC_C_LANGUAGE_STANDARD = gnu99;
				GCC_NO_COMMON_BLOCKS = YES;
				GCC_WARN_64_TO_32_BIT_CONVERSION = YES;
				GCC_WARN_ABOUT_RETURN_TYPE = YES_ERROR;
				GCC_WARN_UNDECLARED_SELECTOR = YES;
				GCC_WARN_UNINITIALIZED_AUTOS = YES_AGGRESSIVE;
				GCC_WARN_UNUSED_FUNCTION = YES;
				GCC_WARN_UNUSED_VARIABLE = YES;
				IPHONEOS_DEPLOYMENT_TARGET = 9.2;
				MTL_ENABLE_DEBUG_INFO = NO;
				SDKROOT = iphoneos;
				VALIDATE_PRODUCT = YES;
			};
			name = Release;
		};
		6B142A181C3F7AA000750082 /* Debug */ = {
			isa = XCBuildConfiguration;
			buildSettings = {
				ASSETCATALOG_COMPILER_APPICON_NAME = AppIcon;
				INFOPLIST_FILE = "精灵/Info.plist";
				LD_RUNPATH_SEARCH_PATHS = "$(inherited) @executable_path/Frameworks";
				PRODUCT_BUNDLE_IDENTIFIER = "org.kl.--";
				PRODUCT_NAME = "$(TARGET_NAME)";
			};
			name = Debug;
		};
		6B142A191C3F7AA000750082 /* Release */ = {
			isa = XCBuildConfiguration;
			buildSettings = {
				ASSETCATALOG_COMPILER_APPICON_NAME = AppIcon;
				INFOPLIST_FILE = "精灵/Info.plist";
				LD_RUNPATH_SEARCH_PATHS = "$(inherited) @executable_path/Frameworks";
				PRODUCT_BUNDLE_IDENTIFIER = "org.kl.--";
				PRODUCT_NAME = "$(TARGET_NAME)";
			};
			name = Release;
		};
		6B142A1B1C3F7AA000750082 /* Debug */ = {
			isa = XCBuildConfiguration;
			buildSettings = {
				BUNDLE_LOADER = "$(TEST_HOST)";
				INFOPLIST_FILE = "精灵Tests/Info.plist";
				LD_RUNPATH_SEARCH_PATHS = "$(inherited) @executable_path/Frameworks @loader_path/Frameworks";
				PRODUCT_BUNDLE_IDENTIFIER = "org.kl.--Tests";
				PRODUCT_NAME = "$(TARGET_NAME)";
				TEST_HOST = "$(BUILT_PRODUCTS_DIR)/精灵.app/精灵";
			};
			name = Debug;
		};
		6B142A1C1C3F7AA000750082 /* Release */ = {
			isa = XCBuildConfiguration;
			buildSettings = {
				BUNDLE_LOADER = "$(TEST_HOST)";
				INFOPLIST_FILE = "精灵Tests/Info.plist";
				LD_RUNPATH_SEARCH_PATHS = "$(inherited) @executable_path/Frameworks @loader_path/Frameworks";
				PRODUCT_BUNDLE_IDENTIFIER = "org.kl.--Tests";
				PRODUCT_NAME = "$(TARGET_NAME)";
				TEST_HOST = "$(BUILT_PRODUCTS_DIR)/精灵.app/精灵";
			};
			name = Release;
		};
		6B142A1E1C3F7AA000750082 /* Debug */ = {
			isa = XCBuildConfiguration;
			buildSettings = {
				INFOPLIST_FILE = "精灵UITests/Info.plist";
				LD_RUNPATH_SEARCH_PATHS = "$(inherited) @executable_path/Frameworks @loader_path/Frameworks";
				PRODUCT_BUNDLE_IDENTIFIER = "org.kl.--UITests";
				PRODUCT_NAME = "$(TARGET_NAME)";
				TEST_TARGET_NAME = "精灵";
				USES_XCTRUNNER = YES;
			};
			name = Debug;
		};
		6B142A1F1C3F7AA000750082 /* Release */ = {
			isa = XCBuildConfiguration;
			buildSettings = {
				INFOPLIST_FILE = "精灵UITests/Info.plist";
				LD_RUNPATH_SEARCH_PATHS = "$(inherited) @executable_path/Frameworks @loader_path/Frameworks";
				PRODUCT_BUNDLE_IDENTIFIER = "org.kl.--UITests";
				PRODUCT_NAME = "$(TARGET_NAME)";
				TEST_TARGET_NAME = "精灵";
				USES_XCTRUNNER = YES;
			};
			name = Release;
		};
/* End XCBuildConfiguration section */

/* Begin XCConfigurationList section */
		6B1429EA1C3F7A9F00750082 /* Build configuration list for PBXProject "精灵" */ = {
			isa = XCConfigurationList;
			buildConfigurations = (
				6B142A151C3F7AA000750082 /* Debug */,
				6B142A161C3F7AA000750082 /* Release */,
			);
			defaultConfigurationIsVisible = 0;
			defaultConfigurationName = Release;
		};
		6B142A171C3F7AA000750082 /* Build configuration list for PBXNativeTarget "精灵" */ = {
			isa = XCConfigurationList;
			buildConfigurations = (
				6B142A181C3F7AA000750082 /* Debug */,
				6B142A191C3F7AA000750082 /* Release */,
			);
			defaultConfigurationIsVisible = 0;
			defaultConfigurationName = Release;
		};
		6B142A1A1C3F7AA000750082 /* Build configuration list for PBXNativeTarget "精灵Tests" */ = {
			isa = XCConfigurationList;
			buildConfigurations = (
				6B142A1B1C3F7AA000750082 /* Debug */,
				6B142A1C1C3F7AA000750082 /* Release */,
			);
			defaultConfigurationIsVisible = 0;
			defaultConfigurationName = Release;
		};
		6B142A1D1C3F7AA000750082 /* Build configuration list for PBXNativeTarget "精灵UITests" */ = {
			isa = XCConfigurationList;
			buildConfigurations = (
				6B142A1E1C3F7AA000750082 /* Debug */,
				6B142A1F1C3F7AA000750082 /* Release */,
			);
			defaultConfigurationIsVisible = 0;
			defaultConfigurationName = Release;
		};
/* End XCConfigurationList section */
	};
	rootObject = 6B1429E71C3F7A9F00750082 /* Project object */;
}
