// !$*UTF8*$!
{
	archiveVersion = 1;
	classes = {
	};
	objectVersion = 46;
	objects = {

/* Begin PBXBuildFile section */
		6B6203751C48B78800326C79 /* AppDelegate.swift in Sources */ = {isa = PBXBuildFile; fileRef = 6B6203741C48B78800326C79 /* AppDelegate.swift */; };
		6B6203771C48B78800326C79 /* ViewController.swift in Sources */ = {isa = PBXBuildFile; fileRef = 6B6203761C48B78800326C79 /* ViewController.swift */; };
		6B62037A1C48B78800326C79 /* Main.storyboard in Resources */ = {isa = PBXBuildFile; fileRef = 6B6203781C48B78800326C79 /* Main.storyboard */; };
		6B62037D1C48B78800326C79 /* KLUserDefaults.xcdatamodeld in Sources */ = {isa = PBXBuildFile; fileRef = 6B62037B1C48B78800326C79 /* KLUserDefaults.xcdatamodeld */; };
		6B62037F1C48B78800326C79 /* Assets.xcassets in Resources */ = {isa = PBXBuildFile; fileRef = 6B62037E1C48B78800326C79 /* Assets.xcassets */; };
		6B6203821C48B78800326C79 /* LaunchScreen.storyboard in Resources */ = {isa = PBXBuildFile; fileRef = 6B6203801C48B78800326C79 /* LaunchScreen.storyboard */; };
/* End PBXBuildFile section */

/* Begin PBXFileReference section */
		6B6203711C48B78800326C79 /* KLUserDefaults.app */ = {isa = PBXFileReference; explicitFileType = wrapper.application; includeInIndex = 0; path = KLUserDefaults.app; sourceTree = BUILT_PRODUCTS_DIR; };
		6B6203741C48B78800326C79 /* AppDelegate.swift */ = {isa = PBXFileReference; lastKnownFileType = sourcecode.swift; path = AppDelegate.swift; sourceTree = "<group>"; };
		6B6203761C48B78800326C79 /* ViewController.swift */ = {isa = PBXFileReference; lastKnownFileType = sourcecode.swift; path = ViewController.swift; sourceTree = "<group>"; };
		6B6203791C48B78800326C79 /* Base */ = {isa = PBXFileReference; lastKnownFileType = file.storyboard; name = Base; path = Base.lproj/Main.storyboard; sourceTree = "<group>"; };
		6B62037C1C48B78800326C79 /* KLUserDefaults.xcdatamodel */ = {isa = PBXFileReference; lastKnownFileType = wrapper.xcdatamodel; path = KLUserDefaults.xcdatamodel; sourceTree = "<group>"; };
		6B62037E1C48B78800326C79 /* Assets.xcassets */ = {isa = PBXFileReference; lastKnownFileType = folder.assetcatalog; path = Assets.xcassets; sourceTree = "<group>"; };
		6B6203811C48B78800326C79 /* Base */ = {isa = PBXFileReference; lastKnownFileType = file.storyboard; name = Base; path = Base.lproj/LaunchScreen.storyboard; sourceTree = "<group>"; };
		6B6203831C48B78800326C79 /* Info.plist */ = {isa = PBXFileReference; lastKnownFileType = text.plist.xml; path = Info.plist; sourceTree = "<group>"; };
/* End PBXFileReference section */

/* Begin PBXFrameworksBuildPhase section */
		6B62036E1C48B78700326C79 /* Frameworks */ = {
			isa = PBXFrameworksBuildPhase;
			buildActionMask = 2147483647;
			files = (
			);
			runOnlyForDeploymentPostprocessing = 0;
		};
/* End PBXFrameworksBuildPhase section */

/* Begin PBXGroup section */
		6B6203681C48B78700326C79 = {
			isa = PBXGroup;
			children = (
				6B6203731C48B78800326C79 /* KLUserDefaults */,
				6B6203721C48B78800326C79 /* Products */,
			);
			sourceTree = "<group>";
		};
		6B6203721C48B78800326C79 /* Products */ = {
			isa = PBXGroup;
			children = (
				6B6203711C48B78800326C79 /* KLUserDefaults.app */,
			);
			name = Products;
			sourceTree = "<group>";
		};
		6B6203731C48B78800326C79 /* KLUserDefaults */ = {
			isa = PBXGroup;
			children = (
				6B6203741C48B78800326C79 /* AppDelegate.swift */,
				6B6203761C48B78800326C79 /* ViewController.swift */,
				6B6203781C48B78800326C79 /* Main.storyboard */,
				6B62037E1C48B78800326C79 /* Assets.xcassets */,
				6B6203801C48B78800326C79 /* LaunchScreen.storyboard */,
				6B6203831C48B78800326C79 /* Info.plist */,
				6B62037B1C48B78800326C79 /* KLUserDefaults.xcdatamodeld */,
			);
			path = KLUserDefaults;
			sourceTree = "<group>";
		};
/* End PBXGroup section */

/* Begin PBXNativeTarget section */
		6B6203701C48B78700326C79 /* KLUserDefaults */ = {
			isa = PBXNativeTarget;
			buildConfigurationList = 6B6203861C48B78800326C79 /* Build configuration list for PBXNativeTarget "KLUserDefaults" */;
			buildPhases = (
				6B62036D1C48B78700326C79 /* Sources */,
				6B62036E1C48B78700326C79 /* Frameworks */,
				6B62036F1C48B78700326C79 /* Resources */,
			);
			buildRules = (
			);
			dependencies = (
			);
			name = KLUserDefaults;
			productName = KLUserDefaults;
			productReference = 6B6203711C48B78800326C79 /* KLUserDefaults.app */;
			productType = "com.apple.product-type.application";
		};
/* End PBXNativeTarget section */

/* Begin PBXProject section */
		6B6203691C48B78700326C79 /* Project object */ = {
			isa = PBXProject;
			attributes = {
				LastSwiftUpdateCheck = 0720;
				LastUpgradeCheck = 0720;
				ORGANIZATIONNAME = LeonKang;
				TargetAttributes = {
					6B6203701C48B78700326C79 = {
						CreatedOnToolsVersion = 7.2;
					};
				};
			};
			buildConfigurationList = 6B62036C1C48B78700326C79 /* Build configuration list for PBXProject "KLUserDefaults" */;
			compatibilityVersion = "Xcode 3.2";
			developmentRegion = English;
			hasScannedForEncodings = 0;
			knownRegions = (
				en,
				Base,
			);
			mainGroup = 6B6203681C48B78700326C79;
			productRefGroup = 6B6203721C48B78800326C79 /* Products */;
			projectDirPath = "";
			projectRoot = "";
			targets = (
				6B6203701C48B78700326C79 /* KLUserDefaults */,
			);
		};
/* End PBXProject section */

/* Begin PBXResourcesBuildPhase section */
		6B62036F1C48B78700326C79 /* Resources */ = {
			isa = PBXResourcesBuildPhase;
			buildActionMask = 2147483647;
			files = (
				6B6203821C48B78800326C79 /* LaunchScreen.storyboard in Resources */,
				6B62037F1C48B78800326C79 /* Assets.xcassets in Resources */,
				6B62037A1C48B78800326C79 /* Main.storyboard in Resources */,
			);
			runOnlyForDeploymentPostprocessing = 0;
		};
/* End PBXResourcesBuildPhase section */

/* Begin PBXSourcesBuildPhase section */
		6B62036D1C48B78700326C79 /* Sources */ = {
			isa = PBXSourcesBuildPhase;
			buildActionMask = 2147483647;
			files = (
				6B62037D1C48B78800326C79 /* KLUserDefaults.xcdatamodeld in Sources */,
				6B6203771C48B78800326C79 /* ViewController.swift in Sources */,
				6B6203751C48B78800326C79 /* AppDelegate.swift in Sources */,
			);
			runOnlyForDeploymentPostprocessing = 0;
		};
/* End PBXSourcesBuildPhase section */

/* Begin PBXVariantGroup section */
		6B6203781C48B78800326C79 /* Main.storyboard */ = {
			isa = PBXVariantGroup;
			children = (
				6B6203791C48B78800326C79 /* Base */,
			);
			name = Main.storyboard;
			sourceTree = "<group>";
		};
		6B6203801C48B78800326C79 /* LaunchScreen.storyboard */ = {
			isa = PBXVariantGroup;
			children = (
				6B6203811C48B78800326C79 /* Base */,
			);
			name = LaunchScreen.storyboard;
			sourceTree = "<group>";
		};
/* End PBXVariantGroup section */

/* Begin XCBuildConfiguration section */
		6B6203841C48B78800326C79 /* Debug */ = {
			isa = XCBuildConfiguration;
			buildSettings = {
				ALWAYS_SEARCH_USER_PATHS = NO;
				CLANG_CXX_LANGUAGE_STANDARD = "gnu++0x";
				CLANG_CXX_LIBRARY = "libc++";
				CLANG_ENABLE_MODULES = YES;
				CLANG_ENABLE_OBJC_ARC = YES;
				CLANG_WARN_BOOL_CONVERSION = YES;
				CLANG_WARN_CONSTANT_CONVERSION = YES;
				CLANG_WARN_DIRECT_OBJC_ISA_USAGE = YES_ERROR;
				CLANG_WARN_EMPTY_BODY = YES;
				CLANG_WARN_ENUM_CONVERSION = YES;
				CLANG_WARN_INT_CONVERSION = YES;
				CLANG_WARN_OBJC_ROOT_CLASS = YES_ERROR;
				CLANG_WARN_UNREACHABLE_CODE = YES;
				CLANG_WARN__DUPLICATE_METHOD_MATCH = YES;
				"CODE_SIGN_IDENTITY[sdk=iphoneos*]" = "iPhone Developer";
				COPY_PHASE_STRIP = NO;
				DEBUG_INFORMATION_FORMAT = dwarf;
				ENABLE_STRICT_OBJC_MSGSEND = YES;
				ENABLE_TESTABILITY = YES;
				GCC_C_LANGUAGE_STANDARD = gnu99;
				GCC_DYNAMIC_NO_PIC = NO;
				GCC_NO_COMMON_BLOCKS = YES;
				GCC_OPTIMIZATION_LEVEL = 0;
				GCC_PREPROCESSOR_DEFINITIONS = (
					"DEBUG=1",
					"$(inherited)",
				);
				GCC_WARN_64_TO_32_BIT_CONVERSION = YES;
				GCC_WARN_ABOUT_RETURN_TYPE = YES_ERROR;
				GCC_WARN_UNDECLARED_SELECTOR = YES;
				GCC_WARN_UNINITIALIZED_AUTOS = YES_AGGRESSIVE;
				GCC_WARN_UNUSED_FUNCTION = YES;
				GCC_WARN_UNUSED_VARIABLE = YES;
				IPHONEOS_DEPLOYMENT_TARGET = 9.2;
				MTL_ENABLE_DEBUG_INFO = YES;
				ONLY_ACTIVE_ARCH = YES;
				SDKROOT = iphoneos;
				SWIFT_OPTIMIZATION_LEVEL = "-Onone";
			};
			name = Debug;
		};
		6B6203851C48B78800326C79 /* Release */ = {
			isa = XCBuildConfiguration;
			buildSettings = {
				ALWAYS_SEARCH_USER_PATHS = NO;
				CLANG_CXX_LANGUAGE_STANDARD = "gnu++0x";
				CLANG_CXX_LIBRARY = "libc++";
				CLANG_ENABLE_MODULES = YES;
				CLANG_ENABLE_OBJC_ARC = YES;
				CLANG_WARN_BOOL_CONVERSION = YES;
				CLANG_WARN_CONSTANT_CONVERSION = YES;
				CLANG_WARN_DIRECT_OBJC_ISA_USAGE = YES_ERROR;
				CLANG_WARN_EMPTY_BODY = YES;
				CLANG_WARN_ENUM_CONVERSION = YES;
				CLANG_WARN_INT_CONVERSION = YES;
				CLANG_WARN_OBJC_ROOT_CLASS = YES_ERROR;
				CLANG_WARN_UNREACHABLE_CODE = YES;
				CLANG_WARN__DUPLICATE_METHOD_MATCH = YES;
				"CODE_SIGN_IDENTITY[sdk=iphoneos*]" = "iPhone Developer";
				COPY_PHASE_STRIP = NO;
				DEBUG_INFORMATION_FORMAT = "dwarf-with-dsym";
				ENABLE_NS_ASSERTIONS = NO;
				ENABLE_STRICT_OBJC_MSGSEND = YES;
				GCC_C_LANGUAGE_STANDARD = gnu99;
				GCC_NO_COMMON_BLOCKS = YES;
				GCC_WARN_64_TO_32_BIT_CONVERSION = YES;
				GCC_WARN_ABOUT_RETURN_TYPE = YES_ERROR;
				GCC_WARN_UNDECLARED_SELECTOR = YES;
				GCC_WARN_UNINITIALIZED_AUTOS = YES_AGGRESSIVE;
				GCC_WARN_UNUSED_FUNCTION = YES;
				GCC_WARN_UNUSED_VARIABLE = YES;
				IPHONEOS_DEPLOYMENT_TARGET = 9.2;
				MTL_ENABLE_DEBUG_INFO = NO;
				SDKROOT = iphoneos;
				VALIDATE_PRODUCT = YES;
			};
			name = Release;
		};
		6B6203871C48B78800326C79 /* Debug */ = {
			isa = XCBuildConfiguration;
			buildSettings = {
				ASSETCATALOG_COMPILER_APPICON_NAME = AppIcon;
				INFOPLIST_FILE = KLUserDefaults/Info.plist;
				LD_RUNPATH_SEARCH_PATHS = "$(inherited) @executable_path/Frameworks";
				PRODUCT_BUNDLE_IDENTIFIER = org.kl.KLUserDefaults;
				PRODUCT_NAME = "$(TARGET_NAME)";
			};
			name = Debug;
		};
		6B6203881C48B78800326C79 /* Release */ = {
			isa = XCBuildConfiguration;
			buildSettings = {
				ASSETCATALOG_COMPILER_APPICON_NAME = AppIcon;
				INFOPLIST_FILE = KLUserDefaults/Info.plist;
				LD_RUNPATH_SEARCH_PATHS = "$(inherited) @executable_path/Frameworks";
				PRODUCT_BUNDLE_IDENTIFIER = org.kl.KLUserDefaults;
				PRODUCT_NAME = "$(TARGET_NAME)";
			};
			name = Release;
		};
/* End XCBuildConfiguration section */

/* Begin XCConfigurationList section */
		6B62036C1C48B78700326C79 /* Build configuration list for PBXProject "KLUserDefaults" */ = {
			isa = XCConfigurationList;
			buildConfigurations = (
				6B6203841C48B78800326C79 /* Debug */,
				6B6203851C48B78800326C79 /* Release */,
			);
			defaultConfigurationIsVisible = 0;
			defaultConfigurationName = Release;
		};
		6B6203861C48B78800326C79 /* Build configuration list for PBXNativeTarget "KLUserDefaults" */ = {
			isa = XCConfigurationList;
			buildConfigurations = (
				6B6203871C48B78800326C79 /* Debug */,
				6B6203881C48B78800326C79 /* Release */,
			);
			defaultConfigurationIsVisible = 0;
		};
/* End XCConfigurationList section */

/* Begin XCVersionGroup section */
		6B62037B1C48B78800326C79 /* KLUserDefaults.xcdatamodeld */ = {
			isa = XCVersionGroup;
			children = (
				6B62037C1C48B78800326C79 /* KLUserDefaults.xcdatamodel */,
			);
			currentVersion = 6B62037C1C48B78800326C79 /* KLUserDefaults.xcdatamodel */;
			path = KLUserDefaults.xcdatamodeld;
			sourceTree = "<group>";
			versionGroupType = wrapper.xcdatamodel;
		};
/* End XCVersionGroup section */
	};
	rootObject = 6B6203691C48B78700326C79 /* Project object */;
}
